// !$*UTF8*$!
{
	archiveVersion = 1;
	classes = {
	};
	objectVersion = 46;
	objects = {

/* Begin PBXBuildFile section */
		00E356F31AD99517003FC87E /* ReactNativeAppTests.m in Sources */ = {isa = PBXBuildFile; fileRef = 00E356F21AD99517003FC87E /* ReactNativeAppTests.m */; };
		02880BC7B697435CB3BD1C29 /* Montserrat-Italic.otf in Resources */ = {isa = PBXBuildFile; fileRef = 7E5ECADFD4E842168F30640B /* Montserrat-Italic.otf */; };
		029EADBEEC95436F833AC519 /* ProximaNova-Semibold.ttf in Resources */ = {isa = PBXBuildFile; fileRef = 7C90964A3ADE479FB7417090 /* ProximaNova-Semibold.ttf */; };
		0339130C43F44066A7CC28F8 /* ProximaNova-Bold.ttf in Resources */ = {isa = PBXBuildFile; fileRef = 4389234F85F94C4999BDAC59 /* ProximaNova-Bold.ttf */; };
		033E1F3444DF4B73A644E641 /* Montserrat-ExtraLight.otf in Resources */ = {isa = PBXBuildFile; fileRef = 75BE8179FA8B46F2ADA04C92 /* Montserrat-ExtraLight.otf */; };
		073F6B4BF31144EDB9A7B6B7 /* Montserrat-SemiBoldItalic.otf in Resources */ = {isa = PBXBuildFile; fileRef = 8D3CBC5397864A93BB8E9B3C /* Montserrat-SemiBoldItalic.otf */; };
		11BF1A1B08B342F2A41F9157 /* SimpleLineIcons.ttf in Resources */ = {isa = PBXBuildFile; fileRef = 3F28BC2B76A740FE83BCEFFD /* SimpleLineIcons.ttf */; };
		13B07FBC1A68108700A75B9A /* AppDelegate.m in Sources */ = {isa = PBXBuildFile; fileRef = 13B07FB01A68108700A75B9A /* AppDelegate.m */; };
		13B07FBD1A68108700A75B9A /* LaunchScreen.xib in Resources */ = {isa = PBXBuildFile; fileRef = 13B07FB11A68108700A75B9A /* LaunchScreen.xib */; };
		13B07FBF1A68108700A75B9A /* Images.xcassets in Resources */ = {isa = PBXBuildFile; fileRef = 13B07FB51A68108700A75B9A /* Images.xcassets */; };
		13B07FC11A68108700A75B9A /* main.m in Sources */ = {isa = PBXBuildFile; fileRef = 13B07FB71A68108700A75B9A /* main.m */; };
		15EF6D1EBC66476DAF26E0F0 /* FontAwesome5_Solid.ttf in Resources */ = {isa = PBXBuildFile; fileRef = 39F731E1C4024480B8FBD42A /* FontAwesome5_Solid.ttf */; };
		1CD800445F414D4DA6F32FB6 /* Montserrat-SemiBold.otf in Resources */ = {isa = PBXBuildFile; fileRef = 144110C168334BFDB95192B0 /* Montserrat-SemiBold.otf */; };
		1D3408C7957640BAB560B7C6 /* OpenSans-Bold.ttf in Resources */ = {isa = PBXBuildFile; fileRef = 11FF2C795ECB40E798511242 /* OpenSans-Bold.ttf */; };
		1ED8B67D9DBB48209AE4682D /* Ionicons.ttf in Resources */ = {isa = PBXBuildFile; fileRef = 63761DCCB5AB4071A5371A3A /* Ionicons.ttf */; };
		27AB5E0E66BC44EAAC2A09ED /* MaterialCommunityIcons.ttf in Resources */ = {isa = PBXBuildFile; fileRef = 07DDCB17610A4E8BAE6ACC06 /* MaterialCommunityIcons.ttf */; };
		2A2B6139D7014CCDBDC957AF /* Montserrat-MediumItalic.otf in Resources */ = {isa = PBXBuildFile; fileRef = 53759320F33D4CC49230BA59 /* Montserrat-MediumItalic.otf */; };
		2C9A77CB7EF246CBA2A1E78A /* Montserrat-LightItalic.otf in Resources */ = {isa = PBXBuildFile; fileRef = 1E94A2F915804631BFCEC9CF /* Montserrat-LightItalic.otf */; };
		2D02E4BC1E0B4A80006451C7 /* AppDelegate.m in Sources */ = {isa = PBXBuildFile; fileRef = 13B07FB01A68108700A75B9A /* AppDelegate.m */; };
		2D02E4BD1E0B4A84006451C7 /* Images.xcassets in Resources */ = {isa = PBXBuildFile; fileRef = 13B07FB51A68108700A75B9A /* Images.xcassets */; };
		2D02E4BF1E0B4AB3006451C7 /* main.m in Sources */ = {isa = PBXBuildFile; fileRef = 13B07FB71A68108700A75B9A /* main.m */; };
		2DCD954D1E0B4F2C00145EB5 /* ReactNativeAppTests.m in Sources */ = {isa = PBXBuildFile; fileRef = 00E356F21AD99517003FC87E /* ReactNativeAppTests.m */; };
		2DD99C16B23244139454C8B9 /* FontAwesome.ttf in Resources */ = {isa = PBXBuildFile; fileRef = 10DF2B6B5C304202BACEA208 /* FontAwesome.ttf */; };
		356D63B300064E6B938760D0 /* MaterialIcons.ttf in Resources */ = {isa = PBXBuildFile; fileRef = B7E021ED27F444D4B47C8123 /* MaterialIcons.ttf */; };
		376C0EFF6E9B1BAC3160446A /* libPods-ReactNativeAppTests.a in Frameworks */ = {isa = PBXBuildFile; fileRef = 3B9C920514F4BDB07F72F30B /* libPods-ReactNativeAppTests.a */; };
		393CACFDCFC84EF6B3F13E01 /* Montserrat-Light.otf in Resources */ = {isa = PBXBuildFile; fileRef = 2880BB0C585C4025AB842C45 /* Montserrat-Light.otf */; };
		419503CAAA8A4670BA8148BF /* ProximaNova-Black.ttf in Resources */ = {isa = PBXBuildFile; fileRef = C485E70F7A7D4200AB909005 /* ProximaNova-Black.ttf */; };
		42D7AEE6D0B44DE6BEA8B8EE /* ProximaNova-Thin.ttf in Resources */ = {isa = PBXBuildFile; fileRef = 12BAC9837E854E9B80667EEA /* ProximaNova-Thin.ttf */; };
		457937550E73443BBD7C6E86 /* OpenSans-Regular.ttf in Resources */ = {isa = PBXBuildFile; fileRef = 3A21397806504A3CB99376F7 /* OpenSans-Regular.ttf */; };
		57C794CFC3754F62965D6312 /* Montserrat-BoldItalic.otf in Resources */ = {isa = PBXBuildFile; fileRef = 6E8AFD4E3F4C4C95A002DF29 /* Montserrat-BoldItalic.otf */; };
		58A5D98B8DA04630ADBB7FDB /* Montserrat-Black.otf in Resources */ = {isa = PBXBuildFile; fileRef = 18F7DBDF934D4DA1B8CF2D92 /* Montserrat-Black.otf */; };
		5E472E3CAF5160039F2AAC2B /* libPods-ReactNativeApp-tvOS.a in Frameworks */ = {isa = PBXBuildFile; fileRef = 5E15BA56E1D9AE3D889A3DE6 /* libPods-ReactNativeApp-tvOS.a */; };
		604B0BA9F7904D4686FA2165 /* ProximaNova-Extrabld.ttf in Resources */ = {isa = PBXBuildFile; fileRef = 056B987C6D5946FFA59E98D6 /* ProximaNova-Extrabld.ttf */; };
		658E614778934F3CAAE16EE7 /* Montserrat-ExtraBold.otf in Resources */ = {isa = PBXBuildFile; fileRef = 29778F5A6B864AA4B5277E9E /* Montserrat-ExtraBold.otf */; };
		6A637B2223BCBA0A00A9C4BD /* SwiftBridgeHeader.swift in Sources */ = {isa = PBXBuildFile; fileRef = 6A637B2123BCBA0A00A9C4BD /* SwiftBridgeHeader.swift */; };
		6AD071F564F2479CBBE6B0E6 /* FontAwesome5_Brands.ttf in Resources */ = {isa = PBXBuildFile; fileRef = 11D5ACE901E24FF49801493E /* FontAwesome5_Brands.ttf */; };
		6F67F06DF0BC4BB8B9A0E930 /* OpenSans-Italic.ttf in Resources */ = {isa = PBXBuildFile; fileRef = 9115DC6A778440DBAE8115E3 /* OpenSans-Italic.ttf */; };
		6FDA7C6AB71F426B8DD4EFE5 /* OpenSans-LightItalic.ttf in Resources */ = {isa = PBXBuildFile; fileRef = 3A35B22C24FD46C49B6BA167 /* OpenSans-LightItalic.ttf */; };
		72C0F57337724FBAAE772CB7 /* OpenSans-Light.ttf in Resources */ = {isa = PBXBuildFile; fileRef = 4A3A1172D78D463695EAA5DA /* OpenSans-Light.ttf */; };
		73BEB4949D6D40BBB71F5C80 /* AntDesign.ttf in Resources */ = {isa = PBXBuildFile; fileRef = D97A7D06C9034CA882EB8862 /* AntDesign.ttf */; };
		760E4932BA694B57AEC4FCAA /* FontAwesome5_Regular.ttf in Resources */ = {isa = PBXBuildFile; fileRef = 2284D276878B4832B80EC495 /* FontAwesome5_Regular.ttf */; };
		785153F0516A42B894751B74 /* ProximaNova-Light.ttf in Resources */ = {isa = PBXBuildFile; fileRef = 48C1CAAD8CA24E6BA580E955 /* ProximaNova-Light.ttf */; };
		7D44D756E5B14E969905B2DF /* OpenSans-SemiboldItalic.ttf in Resources */ = {isa = PBXBuildFile; fileRef = A6544CA38A1948B9981959B1 /* OpenSans-SemiboldItalic.ttf */; };
		7D732E5D99E64994B25922FC /* Montserrat-Thin.otf in Resources */ = {isa = PBXBuildFile; fileRef = 8FBF6CEAF4EC4D2D8BDCBE02 /* Montserrat-Thin.otf */; };
		831700ADDA910F5C78D122BC /* libPods-ReactNativeApp.a in Frameworks */ = {isa = PBXBuildFile; fileRef = 88790C49DBA88DA4DF01B2D2 /* libPods-ReactNativeApp.a */; };
		853721B041C24204A9871E82 /* Foundation.ttf in Resources */ = {isa = PBXBuildFile; fileRef = 7A9C839E2C324C13BFC50DF4 /* Foundation.ttf */; };
		85CE0BFDC27748FB8E3CDD6C /* Fontisto.ttf in Resources */ = {isa = PBXBuildFile; fileRef = CF9342D98E7347279380C4F1 /* Fontisto.ttf */; };
		8652A185085B4C37BFF98434 /* Montserrat-Medium.otf in Resources */ = {isa = PBXBuildFile; fileRef = BE19C7EEFA8E47588B138246 /* Montserrat-Medium.otf */; };
		8A4FCBA235C5444CA061177B /* Montserrat-ThinItalic.otf in Resources */ = {isa = PBXBuildFile; fileRef = D1C83918AF6A4BC29A9AEFA5 /* Montserrat-ThinItalic.otf */; };
		8F5D78DAB4584AB5863799B1 /* OpenSans-ExtraBold.ttf in Resources */ = {isa = PBXBuildFile; fileRef = 85A744DC8C4B4D5AAF19477A /* OpenSans-ExtraBold.ttf */; };
		9456707F3955F67ADB63CF89 /* libPods-ReactNativeApp-tvOSTests.a in Frameworks */ = {isa = PBXBuildFile; fileRef = E1CE5FC65FD206A071E0929A /* libPods-ReactNativeApp-tvOSTests.a */; };
		99BA5AF5BCD54BA7A5A2BD2F /* Montserrat-Regular.otf in Resources */ = {isa = PBXBuildFile; fileRef = 311152648B1B4798A0605E81 /* Montserrat-Regular.otf */; };
		A28A8507244F4BE39873620B /* ProximaNova-Regular.ttf in Resources */ = {isa = PBXBuildFile; fileRef = 7C88B4E9CF9A4DF3A09E6A62 /* ProximaNova-Regular.ttf */; };
		A9917CC262CB4725B3CBD0FE /* OpenSans-BoldItalic.ttf in Resources */ = {isa = PBXBuildFile; fileRef = 41768B0655004BBD90C71D09 /* OpenSans-BoldItalic.ttf */; };
		B3856C916F8246998435845F /* Montserrat-Bold.otf in Resources */ = {isa = PBXBuildFile; fileRef = 69F59AB57568426580C48086 /* Montserrat-Bold.otf */; };
		BC48E908530740D7A05ED8E4 /* Octicons.ttf in Resources */ = {isa = PBXBuildFile; fileRef = CFB1C26448744BB88EA73122 /* Octicons.ttf */; };
		C33D3306E43F4DA8A5994D36 /* EvilIcons.ttf in Resources */ = {isa = PBXBuildFile; fileRef = 1A4973A259ED4CDFAABB5613 /* EvilIcons.ttf */; };
		C371EB27D9344F0D95174718 /* Entypo.ttf in Resources */ = {isa = PBXBuildFile; fileRef = 21A19C6542AB4CBF916E9150 /* Entypo.ttf */; };
		CC2F3B3B19A743F896079F33 /* Feather.ttf in Resources */ = {isa = PBXBuildFile; fileRef = 6B6C769764DF48B7B0314F9C /* Feather.ttf */; };
		CD284195DA864CEB85EC1AAE /* Montserrat-ExtraLightItalic.otf in Resources */ = {isa = PBXBuildFile; fileRef = 4FDB2E701CD34647B069B0FC /* Montserrat-ExtraLightItalic.otf */; };
		CE4FFF481FFC4371B3F697C1 /* Montserrat-BlackItalic.otf in Resources */ = {isa = PBXBuildFile; fileRef = 19EED9C1A53F4E0FB994277C /* Montserrat-BlackItalic.otf */; };
		E5B4F5A6654545B1AE791252 /* Montserrat-ExtraBoldItalic.otf in Resources */ = {isa = PBXBuildFile; fileRef = 3AE8DDEBEC2F401DBC2E98C1 /* Montserrat-ExtraBoldItalic.otf */; };
		E6A138BACE1A41739CB234DD /* OpenSans-ExtraBoldItalic.ttf in Resources */ = {isa = PBXBuildFile; fileRef = 825A2DF98C7D49E29734917B /* OpenSans-ExtraBoldItalic.ttf */; };
		F247F922C4FC4D61A8688C71 /* OpenSans-Semibold.ttf in Resources */ = {isa = PBXBuildFile; fileRef = 343E509C4BE34E3D907E706A /* OpenSans-Semibold.ttf */; };
		F4515299616C434A917D0052 /* Zocial.ttf in Resources */ = {isa = PBXBuildFile; fileRef = 6ED57B802EF04E019E83A26E /* Zocial.ttf */; };
/* End PBXBuildFile section */

/* Begin PBXContainerItemProxy section */
		00E356F41AD99517003FC87E /* PBXContainerItemProxy */ = {
			isa = PBXContainerItemProxy;
			containerPortal = 83CBB9F71A601CBA00E9B192 /* Project object */;
			proxyType = 1;
			remoteGlobalIDString = 13B07F861A680F5B00A75B9A;
			remoteInfo = ReactNativeApp;
		};
		2D02E4911E0B4A5D006451C7 /* PBXContainerItemProxy */ = {
			isa = PBXContainerItemProxy;
			containerPortal = 83CBB9F71A601CBA00E9B192 /* Project object */;
			proxyType = 1;
			remoteGlobalIDString = 2D02E47A1E0B4A5D006451C7;
			remoteInfo = "ReactNativeApp-tvOS";
		};
/* End PBXContainerItemProxy section */

/* Begin PBXFileReference section */
		008F07F21AC5B25A0029DE68 /* main.jsbundle */ = {isa = PBXFileReference; fileEncoding = 4; lastKnownFileType = text; path = main.jsbundle; sourceTree = "<group>"; };
		00E356EE1AD99517003FC87E /* ReactNativeAppTests.xctest */ = {isa = PBXFileReference; explicitFileType = wrapper.cfbundle; includeInIndex = 0; path = ReactNativeAppTests.xctest; sourceTree = BUILT_PRODUCTS_DIR; };
		00E356F11AD99517003FC87E /* Info.plist */ = {isa = PBXFileReference; lastKnownFileType = text.plist.xml; path = Info.plist; sourceTree = "<group>"; };
		00E356F21AD99517003FC87E /* ReactNativeAppTests.m */ = {isa = PBXFileReference; lastKnownFileType = sourcecode.c.objc; path = ReactNativeAppTests.m; sourceTree = "<group>"; };
		056B987C6D5946FFA59E98D6 /* ProximaNova-Extrabld.ttf */ = {isa = PBXFileReference; explicitFileType = undefined; fileEncoding = 9; includeInIndex = 0; lastKnownFileType = unknown; name = "ProximaNova-Extrabld.ttf"; path = "../app/assets/fonts/ProximaNova-Extrabld.ttf"; sourceTree = "<group>"; };
		07DDCB17610A4E8BAE6ACC06 /* MaterialCommunityIcons.ttf */ = {isa = PBXFileReference; explicitFileType = undefined; fileEncoding = 9; includeInIndex = 0; lastKnownFileType = unknown; name = MaterialCommunityIcons.ttf; path = "../node_modules/react-native-vector-icons/Fonts/MaterialCommunityIcons.ttf"; sourceTree = "<group>"; };
		0D1B3D71EDEBCE404B3178F3 /* Pods-ReactNativeApp-tvOSTests.release.xcconfig */ = {isa = PBXFileReference; includeInIndex = 1; lastKnownFileType = text.xcconfig; name = "Pods-ReactNativeApp-tvOSTests.release.xcconfig"; path = "Target Support Files/Pods-ReactNativeApp-tvOSTests/Pods-ReactNativeApp-tvOSTests.release.xcconfig"; sourceTree = "<group>"; };
		10DF2B6B5C304202BACEA208 /* FontAwesome.ttf */ = {isa = PBXFileReference; explicitFileType = undefined; fileEncoding = 9; includeInIndex = 0; lastKnownFileType = unknown; name = FontAwesome.ttf; path = "../node_modules/react-native-vector-icons/Fonts/FontAwesome.ttf"; sourceTree = "<group>"; };
		11D5ACE901E24FF49801493E /* FontAwesome5_Brands.ttf */ = {isa = PBXFileReference; explicitFileType = undefined; fileEncoding = 9; includeInIndex = 0; lastKnownFileType = unknown; name = FontAwesome5_Brands.ttf; path = "../node_modules/react-native-vector-icons/Fonts/FontAwesome5_Brands.ttf"; sourceTree = "<group>"; };
		11FF2C795ECB40E798511242 /* OpenSans-Bold.ttf */ = {isa = PBXFileReference; explicitFileType = undefined; fileEncoding = 9; includeInIndex = 0; lastKnownFileType = unknown; name = "OpenSans-Bold.ttf"; path = "../app/assets/fonts/OpenSans-Bold.ttf"; sourceTree = "<group>"; };
		125131DC811E75C649BE254A /* Pods-ReactNativeApp-tvOS.debug.xcconfig */ = {isa = PBXFileReference; includeInIndex = 1; lastKnownFileType = text.xcconfig; name = "Pods-ReactNativeApp-tvOS.debug.xcconfig"; path = "Target Support Files/Pods-ReactNativeApp-tvOS/Pods-ReactNativeApp-tvOS.debug.xcconfig"; sourceTree = "<group>"; };
		12BAC9837E854E9B80667EEA /* ProximaNova-Thin.ttf */ = {isa = PBXFileReference; explicitFileType = undefined; fileEncoding = 9; includeInIndex = 0; lastKnownFileType = unknown; name = "ProximaNova-Thin.ttf"; path = "../app/assets/fonts/ProximaNova-Thin.ttf"; sourceTree = "<group>"; };
		13B07F961A680F5B00A75B9A /* ReactNativeApp.app */ = {isa = PBXFileReference; explicitFileType = wrapper.application; includeInIndex = 0; path = ReactNativeApp.app; sourceTree = BUILT_PRODUCTS_DIR; };
		13B07FAF1A68108700A75B9A /* AppDelegate.h */ = {isa = PBXFileReference; fileEncoding = 4; lastKnownFileType = sourcecode.c.h; name = AppDelegate.h; path = ReactNativeApp/AppDelegate.h; sourceTree = "<group>"; };
		13B07FB01A68108700A75B9A /* AppDelegate.m */ = {isa = PBXFileReference; fileEncoding = 4; lastKnownFileType = sourcecode.c.objc; name = AppDelegate.m; path = ReactNativeApp/AppDelegate.m; sourceTree = "<group>"; };
		13B07FB21A68108700A75B9A /* Base */ = {isa = PBXFileReference; lastKnownFileType = file.xib; name = Base; path = Base.lproj/LaunchScreen.xib; sourceTree = "<group>"; };
		13B07FB51A68108700A75B9A /* Images.xcassets */ = {isa = PBXFileReference; lastKnownFileType = folder.assetcatalog; name = Images.xcassets; path = ReactNativeApp/Images.xcassets; sourceTree = "<group>"; };
		13B07FB61A68108700A75B9A /* Info.plist */ = {isa = PBXFileReference; fileEncoding = 4; lastKnownFileType = text.plist.xml; name = Info.plist; path = ReactNativeApp/Info.plist; sourceTree = "<group>"; };
		13B07FB71A68108700A75B9A /* main.m */ = {isa = PBXFileReference; fileEncoding = 4; lastKnownFileType = sourcecode.c.objc; name = main.m; path = ReactNativeApp/main.m; sourceTree = "<group>"; };
		144110C168334BFDB95192B0 /* Montserrat-SemiBold.otf */ = {isa = PBXFileReference; explicitFileType = undefined; fileEncoding = 9; includeInIndex = 0; lastKnownFileType = unknown; name = "Montserrat-SemiBold.otf"; path = "../app/assets/fonts/Montserrat-SemiBold.otf"; sourceTree = "<group>"; };
		18F7DBDF934D4DA1B8CF2D92 /* Montserrat-Black.otf */ = {isa = PBXFileReference; explicitFileType = undefined; fileEncoding = 9; includeInIndex = 0; lastKnownFileType = unknown; name = "Montserrat-Black.otf"; path = "../app/assets/fonts/Montserrat-Black.otf"; sourceTree = "<group>"; };
		19EED9C1A53F4E0FB994277C /* Montserrat-BlackItalic.otf */ = {isa = PBXFileReference; explicitFileType = undefined; fileEncoding = 9; includeInIndex = 0; lastKnownFileType = unknown; name = "Montserrat-BlackItalic.otf"; path = "../app/assets/fonts/Montserrat-BlackItalic.otf"; sourceTree = "<group>"; };
		1A4973A259ED4CDFAABB5613 /* EvilIcons.ttf */ = {isa = PBXFileReference; explicitFileType = undefined; fileEncoding = 9; includeInIndex = 0; lastKnownFileType = unknown; name = EvilIcons.ttf; path = "../node_modules/react-native-vector-icons/Fonts/EvilIcons.ttf"; sourceTree = "<group>"; };
		1E94A2F915804631BFCEC9CF /* Montserrat-LightItalic.otf */ = {isa = PBXFileReference; explicitFileType = undefined; fileEncoding = 9; includeInIndex = 0; lastKnownFileType = unknown; name = "Montserrat-LightItalic.otf"; path = "../app/assets/fonts/Montserrat-LightItalic.otf"; sourceTree = "<group>"; };
		21A19C6542AB4CBF916E9150 /* Entypo.ttf */ = {isa = PBXFileReference; explicitFileType = undefined; fileEncoding = 9; includeInIndex = 0; lastKnownFileType = unknown; name = Entypo.ttf; path = "../node_modules/react-native-vector-icons/Fonts/Entypo.ttf"; sourceTree = "<group>"; };
		2284D276878B4832B80EC495 /* FontAwesome5_Regular.ttf */ = {isa = PBXFileReference; explicitFileType = undefined; fileEncoding = 9; includeInIndex = 0; lastKnownFileType = unknown; name = FontAwesome5_Regular.ttf; path = "../node_modules/react-native-vector-icons/Fonts/FontAwesome5_Regular.ttf"; sourceTree = "<group>"; };
		2880BB0C585C4025AB842C45 /* Montserrat-Light.otf */ = {isa = PBXFileReference; explicitFileType = undefined; fileEncoding = 9; includeInIndex = 0; lastKnownFileType = unknown; name = "Montserrat-Light.otf"; path = "../app/assets/fonts/Montserrat-Light.otf"; sourceTree = "<group>"; };
		29778F5A6B864AA4B5277E9E /* Montserrat-ExtraBold.otf */ = {isa = PBXFileReference; explicitFileType = undefined; fileEncoding = 9; includeInIndex = 0; lastKnownFileType = unknown; name = "Montserrat-ExtraBold.otf"; path = "../app/assets/fonts/Montserrat-ExtraBold.otf"; sourceTree = "<group>"; };
		2D02E47B1E0B4A5D006451C7 /* ReactNativeApp-tvOS.app */ = {isa = PBXFileReference; explicitFileType = wrapper.application; includeInIndex = 0; path = "ReactNativeApp-tvOS.app"; sourceTree = BUILT_PRODUCTS_DIR; };
		2D02E4901E0B4A5D006451C7 /* ReactNativeApp-tvOSTests.xctest */ = {isa = PBXFileReference; explicitFileType = wrapper.cfbundle; includeInIndex = 0; path = "ReactNativeApp-tvOSTests.xctest"; sourceTree = BUILT_PRODUCTS_DIR; };
		311152648B1B4798A0605E81 /* Montserrat-Regular.otf */ = {isa = PBXFileReference; explicitFileType = undefined; fileEncoding = 9; includeInIndex = 0; lastKnownFileType = unknown; name = "Montserrat-Regular.otf"; path = "../app/assets/fonts/Montserrat-Regular.otf"; sourceTree = "<group>"; };
		343E509C4BE34E3D907E706A /* OpenSans-Semibold.ttf */ = {isa = PBXFileReference; explicitFileType = undefined; fileEncoding = 9; includeInIndex = 0; lastKnownFileType = unknown; name = "OpenSans-Semibold.ttf"; path = "../app/assets/fonts/OpenSans-Semibold.ttf"; sourceTree = "<group>"; };
		39F731E1C4024480B8FBD42A /* FontAwesome5_Solid.ttf */ = {isa = PBXFileReference; explicitFileType = undefined; fileEncoding = 9; includeInIndex = 0; lastKnownFileType = unknown; name = FontAwesome5_Solid.ttf; path = "../node_modules/react-native-vector-icons/Fonts/FontAwesome5_Solid.ttf"; sourceTree = "<group>"; };
		3A21397806504A3CB99376F7 /* OpenSans-Regular.ttf */ = {isa = PBXFileReference; explicitFileType = undefined; fileEncoding = 9; includeInIndex = 0; lastKnownFileType = unknown; name = "OpenSans-Regular.ttf"; path = "../app/assets/fonts/OpenSans-Regular.ttf"; sourceTree = "<group>"; };
		3A35B22C24FD46C49B6BA167 /* OpenSans-LightItalic.ttf */ = {isa = PBXFileReference; explicitFileType = undefined; fileEncoding = 9; includeInIndex = 0; lastKnownFileType = unknown; name = "OpenSans-LightItalic.ttf"; path = "../app/assets/fonts/OpenSans-LightItalic.ttf"; sourceTree = "<group>"; };
		3AE8DDEBEC2F401DBC2E98C1 /* Montserrat-ExtraBoldItalic.otf */ = {isa = PBXFileReference; explicitFileType = undefined; fileEncoding = 9; includeInIndex = 0; lastKnownFileType = unknown; name = "Montserrat-ExtraBoldItalic.otf"; path = "../app/assets/fonts/Montserrat-ExtraBoldItalic.otf"; sourceTree = "<group>"; };
		3B9C920514F4BDB07F72F30B /* libPods-ReactNativeAppTests.a */ = {isa = PBXFileReference; explicitFileType = archive.ar; includeInIndex = 0; path = "libPods-ReactNativeAppTests.a"; sourceTree = BUILT_PRODUCTS_DIR; };
		3EF704D3ACC2793A27969977 /* Pods-ReactNativeApp-tvOSTests.debug.xcconfig */ = {isa = PBXFileReference; includeInIndex = 1; lastKnownFileType = text.xcconfig; name = "Pods-ReactNativeApp-tvOSTests.debug.xcconfig"; path = "Target Support Files/Pods-ReactNativeApp-tvOSTests/Pods-ReactNativeApp-tvOSTests.debug.xcconfig"; sourceTree = "<group>"; };
		3F0824EFB66870B5BC59CF9D /* Pods-ReactNativeApp.debug.xcconfig */ = {isa = PBXFileReference; includeInIndex = 1; lastKnownFileType = text.xcconfig; name = "Pods-ReactNativeApp.debug.xcconfig"; path = "Target Support Files/Pods-ReactNativeApp/Pods-ReactNativeApp.debug.xcconfig"; sourceTree = "<group>"; };
		3F28BC2B76A740FE83BCEFFD /* SimpleLineIcons.ttf */ = {isa = PBXFileReference; explicitFileType = undefined; fileEncoding = 9; includeInIndex = 0; lastKnownFileType = unknown; name = SimpleLineIcons.ttf; path = "../node_modules/react-native-vector-icons/Fonts/SimpleLineIcons.ttf"; sourceTree = "<group>"; };
		41768B0655004BBD90C71D09 /* OpenSans-BoldItalic.ttf */ = {isa = PBXFileReference; explicitFileType = undefined; fileEncoding = 9; includeInIndex = 0; lastKnownFileType = unknown; name = "OpenSans-BoldItalic.ttf"; path = "../app/assets/fonts/OpenSans-BoldItalic.ttf"; sourceTree = "<group>"; };
		4389234F85F94C4999BDAC59 /* ProximaNova-Bold.ttf */ = {isa = PBXFileReference; explicitFileType = undefined; fileEncoding = 9; includeInIndex = 0; lastKnownFileType = unknown; name = "ProximaNova-Bold.ttf"; path = "../app/assets/fonts/ProximaNova-Bold.ttf"; sourceTree = "<group>"; };
		48C1CAAD8CA24E6BA580E955 /* ProximaNova-Light.ttf */ = {isa = PBXFileReference; explicitFileType = undefined; fileEncoding = 9; includeInIndex = 0; lastKnownFileType = unknown; name = "ProximaNova-Light.ttf"; path = "../app/assets/fonts/ProximaNova-Light.ttf"; sourceTree = "<group>"; };
		4A3A1172D78D463695EAA5DA /* OpenSans-Light.ttf */ = {isa = PBXFileReference; explicitFileType = undefined; fileEncoding = 9; includeInIndex = 0; lastKnownFileType = unknown; name = "OpenSans-Light.ttf"; path = "../app/assets/fonts/OpenSans-Light.ttf"; sourceTree = "<group>"; };
		4FDB2E701CD34647B069B0FC /* Montserrat-ExtraLightItalic.otf */ = {isa = PBXFileReference; explicitFileType = undefined; fileEncoding = 9; includeInIndex = 0; lastKnownFileType = unknown; name = "Montserrat-ExtraLightItalic.otf"; path = "../app/assets/fonts/Montserrat-ExtraLightItalic.otf"; sourceTree = "<group>"; };
		53759320F33D4CC49230BA59 /* Montserrat-MediumItalic.otf */ = {isa = PBXFileReference; explicitFileType = undefined; fileEncoding = 9; includeInIndex = 0; lastKnownFileType = unknown; name = "Montserrat-MediumItalic.otf"; path = "../app/assets/fonts/Montserrat-MediumItalic.otf"; sourceTree = "<group>"; };
		5E15BA56E1D9AE3D889A3DE6 /* libPods-ReactNativeApp-tvOS.a */ = {isa = PBXFileReference; explicitFileType = archive.ar; includeInIndex = 0; path = "libPods-ReactNativeApp-tvOS.a"; sourceTree = BUILT_PRODUCTS_DIR; };
		63761DCCB5AB4071A5371A3A /* Ionicons.ttf */ = {isa = PBXFileReference; explicitFileType = undefined; fileEncoding = 9; includeInIndex = 0; lastKnownFileType = unknown; name = Ionicons.ttf; path = "../node_modules/react-native-vector-icons/Fonts/Ionicons.ttf"; sourceTree = "<group>"; };
		6613BA65EC52F29FB67674FA /* Pods-ReactNativeApp.release.xcconfig */ = {isa = PBXFileReference; includeInIndex = 1; lastKnownFileType = text.xcconfig; name = "Pods-ReactNativeApp.release.xcconfig"; path = "Target Support Files/Pods-ReactNativeApp/Pods-ReactNativeApp.release.xcconfig"; sourceTree = "<group>"; };
		69F59AB57568426580C48086 /* Montserrat-Bold.otf */ = {isa = PBXFileReference; explicitFileType = undefined; fileEncoding = 9; includeInIndex = 0; lastKnownFileType = unknown; name = "Montserrat-Bold.otf"; path = "../app/assets/fonts/Montserrat-Bold.otf"; sourceTree = "<group>"; };
		6A637B2023BCBA0900A9C4BD /* ReactNativeApp-Bridging-Header.h */ = {isa = PBXFileReference; lastKnownFileType = sourcecode.c.h; path = "ReactNativeApp-Bridging-Header.h"; sourceTree = "<group>"; };
		6A637B2123BCBA0A00A9C4BD /* SwiftBridgeHeader.swift */ = {isa = PBXFileReference; lastKnownFileType = sourcecode.swift; path = SwiftBridgeHeader.swift; sourceTree = "<group>"; };
		6B6C769764DF48B7B0314F9C /* Feather.ttf */ = {isa = PBXFileReference; explicitFileType = undefined; fileEncoding = 9; includeInIndex = 0; lastKnownFileType = unknown; name = Feather.ttf; path = "../node_modules/react-native-vector-icons/Fonts/Feather.ttf"; sourceTree = "<group>"; };
		6E8AFD4E3F4C4C95A002DF29 /* Montserrat-BoldItalic.otf */ = {isa = PBXFileReference; explicitFileType = undefined; fileEncoding = 9; includeInIndex = 0; lastKnownFileType = unknown; name = "Montserrat-BoldItalic.otf"; path = "../app/assets/fonts/Montserrat-BoldItalic.otf"; sourceTree = "<group>"; };
		6ED57B802EF04E019E83A26E /* Zocial.ttf */ = {isa = PBXFileReference; explicitFileType = undefined; fileEncoding = 9; includeInIndex = 0; lastKnownFileType = unknown; name = Zocial.ttf; path = "../node_modules/react-native-vector-icons/Fonts/Zocial.ttf"; sourceTree = "<group>"; };
		75BE8179FA8B46F2ADA04C92 /* Montserrat-ExtraLight.otf */ = {isa = PBXFileReference; explicitFileType = undefined; fileEncoding = 9; includeInIndex = 0; lastKnownFileType = unknown; name = "Montserrat-ExtraLight.otf"; path = "../app/assets/fonts/Montserrat-ExtraLight.otf"; sourceTree = "<group>"; };
		76E73992803C6D0A2554A76E /* Pods-ReactNativeAppTests.release.xcconfig */ = {isa = PBXFileReference; includeInIndex = 1; lastKnownFileType = text.xcconfig; name = "Pods-ReactNativeAppTests.release.xcconfig"; path = "Target Support Files/Pods-ReactNativeAppTests/Pods-ReactNativeAppTests.release.xcconfig"; sourceTree = "<group>"; };
		79E172F106DF77DF25588818 /* Pods-ReactNativeAppTests.debug.xcconfig */ = {isa = PBXFileReference; includeInIndex = 1; lastKnownFileType = text.xcconfig; name = "Pods-ReactNativeAppTests.debug.xcconfig"; path = "Target Support Files/Pods-ReactNativeAppTests/Pods-ReactNativeAppTests.debug.xcconfig"; sourceTree = "<group>"; };
		7A9C839E2C324C13BFC50DF4 /* Foundation.ttf */ = {isa = PBXFileReference; explicitFileType = undefined; fileEncoding = 9; includeInIndex = 0; lastKnownFileType = unknown; name = Foundation.ttf; path = "../node_modules/react-native-vector-icons/Fonts/Foundation.ttf"; sourceTree = "<group>"; };
		7C88B4E9CF9A4DF3A09E6A62 /* ProximaNova-Regular.ttf */ = {isa = PBXFileReference; explicitFileType = undefined; fileEncoding = 9; includeInIndex = 0; lastKnownFileType = unknown; name = "ProximaNova-Regular.ttf"; path = "../app/assets/fonts/ProximaNova-Regular.ttf"; sourceTree = "<group>"; };
		7C90964A3ADE479FB7417090 /* ProximaNova-Semibold.ttf */ = {isa = PBXFileReference; explicitFileType = undefined; fileEncoding = 9; includeInIndex = 0; lastKnownFileType = unknown; name = "ProximaNova-Semibold.ttf"; path = "../app/assets/fonts/ProximaNova-Semibold.ttf"; sourceTree = "<group>"; };
		7E5ECADFD4E842168F30640B /* Montserrat-Italic.otf */ = {isa = PBXFileReference; explicitFileType = undefined; fileEncoding = 9; includeInIndex = 0; lastKnownFileType = unknown; name = "Montserrat-Italic.otf"; path = "../app/assets/fonts/Montserrat-Italic.otf"; sourceTree = "<group>"; };
		825A2DF98C7D49E29734917B /* OpenSans-ExtraBoldItalic.ttf */ = {isa = PBXFileReference; explicitFileType = undefined; fileEncoding = 9; includeInIndex = 0; lastKnownFileType = unknown; name = "OpenSans-ExtraBoldItalic.ttf"; path = "../app/assets/fonts/OpenSans-ExtraBoldItalic.ttf"; sourceTree = "<group>"; };
		85962E5E6FD30E87089204DD /* Pods-ReactNativeApp-tvOS.release.xcconfig */ = {isa = PBXFileReference; includeInIndex = 1; lastKnownFileType = text.xcconfig; name = "Pods-ReactNativeApp-tvOS.release.xcconfig"; path = "Target Support Files/Pods-ReactNativeApp-tvOS/Pods-ReactNativeApp-tvOS.release.xcconfig"; sourceTree = "<group>"; };
		85A744DC8C4B4D5AAF19477A /* OpenSans-ExtraBold.ttf */ = {isa = PBXFileReference; explicitFileType = undefined; fileEncoding = 9; includeInIndex = 0; lastKnownFileType = unknown; name = "OpenSans-ExtraBold.ttf"; path = "../app/assets/fonts/OpenSans-ExtraBold.ttf"; sourceTree = "<group>"; };
		88790C49DBA88DA4DF01B2D2 /* libPods-ReactNativeApp.a */ = {isa = PBXFileReference; explicitFileType = archive.ar; includeInIndex = 0; path = "libPods-ReactNativeApp.a"; sourceTree = BUILT_PRODUCTS_DIR; };
		8D3CBC5397864A93BB8E9B3C /* Montserrat-SemiBoldItalic.otf */ = {isa = PBXFileReference; explicitFileType = undefined; fileEncoding = 9; includeInIndex = 0; lastKnownFileType = unknown; name = "Montserrat-SemiBoldItalic.otf"; path = "../app/assets/fonts/Montserrat-SemiBoldItalic.otf"; sourceTree = "<group>"; };
		8FBF6CEAF4EC4D2D8BDCBE02 /* Montserrat-Thin.otf */ = {isa = PBXFileReference; explicitFileType = undefined; fileEncoding = 9; includeInIndex = 0; lastKnownFileType = unknown; name = "Montserrat-Thin.otf"; path = "../app/assets/fonts/Montserrat-Thin.otf"; sourceTree = "<group>"; };
		9115DC6A778440DBAE8115E3 /* OpenSans-Italic.ttf */ = {isa = PBXFileReference; explicitFileType = undefined; fileEncoding = 9; includeInIndex = 0; lastKnownFileType = unknown; name = "OpenSans-Italic.ttf"; path = "../app/assets/fonts/OpenSans-Italic.ttf"; sourceTree = "<group>"; };
		A6544CA38A1948B9981959B1 /* OpenSans-SemiboldItalic.ttf */ = {isa = PBXFileReference; explicitFileType = undefined; fileEncoding = 9; includeInIndex = 0; lastKnownFileType = unknown; name = "OpenSans-SemiboldItalic.ttf"; path = "../app/assets/fonts/OpenSans-SemiboldItalic.ttf"; sourceTree = "<group>"; };
		B7E021ED27F444D4B47C8123 /* MaterialIcons.ttf */ = {isa = PBXFileReference; explicitFileType = undefined; fileEncoding = 9; includeInIndex = 0; lastKnownFileType = unknown; name = MaterialIcons.ttf; path = "../node_modules/react-native-vector-icons/Fonts/MaterialIcons.ttf"; sourceTree = "<group>"; };
		BE19C7EEFA8E47588B138246 /* Montserrat-Medium.otf */ = {isa = PBXFileReference; explicitFileType = undefined; fileEncoding = 9; includeInIndex = 0; lastKnownFileType = unknown; name = "Montserrat-Medium.otf"; path = "../app/assets/fonts/Montserrat-Medium.otf"; sourceTree = "<group>"; };
		C485E70F7A7D4200AB909005 /* ProximaNova-Black.ttf */ = {isa = PBXFileReference; explicitFileType = undefined; fileEncoding = 9; includeInIndex = 0; lastKnownFileType = unknown; name = "ProximaNova-Black.ttf"; path = "../app/assets/fonts/ProximaNova-Black.ttf"; sourceTree = "<group>"; };
		CF9342D98E7347279380C4F1 /* Fontisto.ttf */ = {isa = PBXFileReference; explicitFileType = undefined; fileEncoding = 9; includeInIndex = 0; lastKnownFileType = unknown; name = Fontisto.ttf; path = "../node_modules/react-native-vector-icons/Fonts/Fontisto.ttf"; sourceTree = "<group>"; };
		CFB1C26448744BB88EA73122 /* Octicons.ttf */ = {isa = PBXFileReference; explicitFileType = undefined; fileEncoding = 9; includeInIndex = 0; lastKnownFileType = unknown; name = Octicons.ttf; path = "../node_modules/react-native-vector-icons/Fonts/Octicons.ttf"; sourceTree = "<group>"; };
		D1C83918AF6A4BC29A9AEFA5 /* Montserrat-ThinItalic.otf */ = {isa = PBXFileReference; explicitFileType = undefined; fileEncoding = 9; includeInIndex = 0; lastKnownFileType = unknown; name = "Montserrat-ThinItalic.otf"; path = "../app/assets/fonts/Montserrat-ThinItalic.otf"; sourceTree = "<group>"; };
		D97A7D06C9034CA882EB8862 /* AntDesign.ttf */ = {isa = PBXFileReference; explicitFileType = undefined; fileEncoding = 9; includeInIndex = 0; lastKnownFileType = unknown; name = AntDesign.ttf; path = "../node_modules/react-native-vector-icons/Fonts/AntDesign.ttf"; sourceTree = "<group>"; };
		E1CE5FC65FD206A071E0929A /* libPods-ReactNativeApp-tvOSTests.a */ = {isa = PBXFileReference; explicitFileType = archive.ar; includeInIndex = 0; path = "libPods-ReactNativeApp-tvOSTests.a"; sourceTree = BUILT_PRODUCTS_DIR; };
		ED297162215061F000B7C4FE /* JavaScriptCore.framework */ = {isa = PBXFileReference; lastKnownFileType = wrapper.framework; name = JavaScriptCore.framework; path = System/Library/Frameworks/JavaScriptCore.framework; sourceTree = SDKROOT; };
		ED2971642150620600B7C4FE /* JavaScriptCore.framework */ = {isa = PBXFileReference; lastKnownFileType = wrapper.framework; name = JavaScriptCore.framework; path = Platforms/AppleTVOS.platform/Developer/SDKs/AppleTVOS12.0.sdk/System/Library/Frameworks/JavaScriptCore.framework; sourceTree = DEVELOPER_DIR; };
/* End PBXFileReference section */

/* Begin PBXFrameworksBuildPhase section */
		00E356EB1AD99517003FC87E /* Frameworks */ = {
			isa = PBXFrameworksBuildPhase;
			buildActionMask = 2147483647;
			files = (
				376C0EFF6E9B1BAC3160446A /* libPods-ReactNativeAppTests.a in Frameworks */,
			);
			runOnlyForDeploymentPostprocessing = 0;
		};
		13B07F8C1A680F5B00A75B9A /* Frameworks */ = {
			isa = PBXFrameworksBuildPhase;
			buildActionMask = 2147483647;
			files = (
				831700ADDA910F5C78D122BC /* libPods-ReactNativeApp.a in Frameworks */,
			);
			runOnlyForDeploymentPostprocessing = 0;
		};
		2D02E4781E0B4A5D006451C7 /* Frameworks */ = {
			isa = PBXFrameworksBuildPhase;
			buildActionMask = 2147483647;
			files = (
				5E472E3CAF5160039F2AAC2B /* libPods-ReactNativeApp-tvOS.a in Frameworks */,
			);
			runOnlyForDeploymentPostprocessing = 0;
		};
		2D02E48D1E0B4A5D006451C7 /* Frameworks */ = {
			isa = PBXFrameworksBuildPhase;
			buildActionMask = 2147483647;
			files = (
				9456707F3955F67ADB63CF89 /* libPods-ReactNativeApp-tvOSTests.a in Frameworks */,
			);
			runOnlyForDeploymentPostprocessing = 0;
		};
/* End PBXFrameworksBuildPhase section */

/* Begin PBXGroup section */
		00E356EF1AD99517003FC87E /* ReactNativeAppTests */ = {
			isa = PBXGroup;
			children = (
				00E356F21AD99517003FC87E /* ReactNativeAppTests.m */,
				00E356F01AD99517003FC87E /* Supporting Files */,
			);
			path = ReactNativeAppTests;
			sourceTree = "<group>";
		};
		00E356F01AD99517003FC87E /* Supporting Files */ = {
			isa = PBXGroup;
			children = (
				00E356F11AD99517003FC87E /* Info.plist */,
			);
			name = "Supporting Files";
			sourceTree = "<group>";
		};
		13B07FAE1A68108700A75B9A /* ReactNativeApp */ = {
			isa = PBXGroup;
			children = (
				008F07F21AC5B25A0029DE68 /* main.jsbundle */,
				13B07FAF1A68108700A75B9A /* AppDelegate.h */,
				13B07FB01A68108700A75B9A /* AppDelegate.m */,
				13B07FB51A68108700A75B9A /* Images.xcassets */,
				13B07FB61A68108700A75B9A /* Info.plist */,
				13B07FB11A68108700A75B9A /* LaunchScreen.xib */,
				13B07FB71A68108700A75B9A /* main.m */,
			);
			name = ReactNativeApp;
			sourceTree = "<group>";
		};
		1F1CC72E5346451DA58A4D0D /* Resources */ = {
			isa = PBXGroup;
			children = (
				18F7DBDF934D4DA1B8CF2D92 /* Montserrat-Black.otf */,
				19EED9C1A53F4E0FB994277C /* Montserrat-BlackItalic.otf */,
				69F59AB57568426580C48086 /* Montserrat-Bold.otf */,
				6E8AFD4E3F4C4C95A002DF29 /* Montserrat-BoldItalic.otf */,
				29778F5A6B864AA4B5277E9E /* Montserrat-ExtraBold.otf */,
				3AE8DDEBEC2F401DBC2E98C1 /* Montserrat-ExtraBoldItalic.otf */,
				75BE8179FA8B46F2ADA04C92 /* Montserrat-ExtraLight.otf */,
				4FDB2E701CD34647B069B0FC /* Montserrat-ExtraLightItalic.otf */,
				7E5ECADFD4E842168F30640B /* Montserrat-Italic.otf */,
				2880BB0C585C4025AB842C45 /* Montserrat-Light.otf */,
				1E94A2F915804631BFCEC9CF /* Montserrat-LightItalic.otf */,
				BE19C7EEFA8E47588B138246 /* Montserrat-Medium.otf */,
				53759320F33D4CC49230BA59 /* Montserrat-MediumItalic.otf */,
				311152648B1B4798A0605E81 /* Montserrat-Regular.otf */,
				144110C168334BFDB95192B0 /* Montserrat-SemiBold.otf */,
				8D3CBC5397864A93BB8E9B3C /* Montserrat-SemiBoldItalic.otf */,
				8FBF6CEAF4EC4D2D8BDCBE02 /* Montserrat-Thin.otf */,
				D1C83918AF6A4BC29A9AEFA5 /* Montserrat-ThinItalic.otf */,
				11FF2C795ECB40E798511242 /* OpenSans-Bold.ttf */,
				41768B0655004BBD90C71D09 /* OpenSans-BoldItalic.ttf */,
				85A744DC8C4B4D5AAF19477A /* OpenSans-ExtraBold.ttf */,
				825A2DF98C7D49E29734917B /* OpenSans-ExtraBoldItalic.ttf */,
				9115DC6A778440DBAE8115E3 /* OpenSans-Italic.ttf */,
				4A3A1172D78D463695EAA5DA /* OpenSans-Light.ttf */,
				3A35B22C24FD46C49B6BA167 /* OpenSans-LightItalic.ttf */,
				3A21397806504A3CB99376F7 /* OpenSans-Regular.ttf */,
				343E509C4BE34E3D907E706A /* OpenSans-Semibold.ttf */,
				A6544CA38A1948B9981959B1 /* OpenSans-SemiboldItalic.ttf */,
				C485E70F7A7D4200AB909005 /* ProximaNova-Black.ttf */,
				4389234F85F94C4999BDAC59 /* ProximaNova-Bold.ttf */,
				056B987C6D5946FFA59E98D6 /* ProximaNova-Extrabld.ttf */,
				48C1CAAD8CA24E6BA580E955 /* ProximaNova-Light.ttf */,
				7C88B4E9CF9A4DF3A09E6A62 /* ProximaNova-Regular.ttf */,
				7C90964A3ADE479FB7417090 /* ProximaNova-Semibold.ttf */,
				12BAC9837E854E9B80667EEA /* ProximaNova-Thin.ttf */,
				D97A7D06C9034CA882EB8862 /* AntDesign.ttf */,
				21A19C6542AB4CBF916E9150 /* Entypo.ttf */,
				1A4973A259ED4CDFAABB5613 /* EvilIcons.ttf */,
				6B6C769764DF48B7B0314F9C /* Feather.ttf */,
				10DF2B6B5C304202BACEA208 /* FontAwesome.ttf */,
				11D5ACE901E24FF49801493E /* FontAwesome5_Brands.ttf */,
				2284D276878B4832B80EC495 /* FontAwesome5_Regular.ttf */,
				39F731E1C4024480B8FBD42A /* FontAwesome5_Solid.ttf */,
				CF9342D98E7347279380C4F1 /* Fontisto.ttf */,
				7A9C839E2C324C13BFC50DF4 /* Foundation.ttf */,
				63761DCCB5AB4071A5371A3A /* Ionicons.ttf */,
				07DDCB17610A4E8BAE6ACC06 /* MaterialCommunityIcons.ttf */,
				B7E021ED27F444D4B47C8123 /* MaterialIcons.ttf */,
				CFB1C26448744BB88EA73122 /* Octicons.ttf */,
				3F28BC2B76A740FE83BCEFFD /* SimpleLineIcons.ttf */,
				6ED57B802EF04E019E83A26E /* Zocial.ttf */,
			);
			name = Resources;
			sourceTree = "<group>";
		};
		2D16E6871FA4F8E400B85C8A /* Frameworks */ = {
			isa = PBXGroup;
			children = (
				ED297162215061F000B7C4FE /* JavaScriptCore.framework */,
				ED2971642150620600B7C4FE /* JavaScriptCore.framework */,
				88790C49DBA88DA4DF01B2D2 /* libPods-ReactNativeApp.a */,
				5E15BA56E1D9AE3D889A3DE6 /* libPods-ReactNativeApp-tvOS.a */,
				E1CE5FC65FD206A071E0929A /* libPods-ReactNativeApp-tvOSTests.a */,
				3B9C920514F4BDB07F72F30B /* libPods-ReactNativeAppTests.a */,
			);
			name = Frameworks;
			sourceTree = "<group>";
		};
		30CD01251C68E99D3B67802E /* Pods */ = {
			isa = PBXGroup;
			children = (
				3F0824EFB66870B5BC59CF9D /* Pods-ReactNativeApp.debug.xcconfig */,
				6613BA65EC52F29FB67674FA /* Pods-ReactNativeApp.release.xcconfig */,
				125131DC811E75C649BE254A /* Pods-ReactNativeApp-tvOS.debug.xcconfig */,
				85962E5E6FD30E87089204DD /* Pods-ReactNativeApp-tvOS.release.xcconfig */,
				3EF704D3ACC2793A27969977 /* Pods-ReactNativeApp-tvOSTests.debug.xcconfig */,
				0D1B3D71EDEBCE404B3178F3 /* Pods-ReactNativeApp-tvOSTests.release.xcconfig */,
				79E172F106DF77DF25588818 /* Pods-ReactNativeAppTests.debug.xcconfig */,
				76E73992803C6D0A2554A76E /* Pods-ReactNativeAppTests.release.xcconfig */,
			);
			path = Pods;
			sourceTree = "<group>";
		};
		832341AE1AAA6A7D00B99B32 /* Libraries */ = {
			isa = PBXGroup;
			children = (
			);
			name = Libraries;
			sourceTree = "<group>";
		};
		83CBB9F61A601CBA00E9B192 = {
			isa = PBXGroup;
			children = (
				6A637B2123BCBA0A00A9C4BD /* SwiftBridgeHeader.swift */,
				13B07FAE1A68108700A75B9A /* ReactNativeApp */,
				832341AE1AAA6A7D00B99B32 /* Libraries */,
				00E356EF1AD99517003FC87E /* ReactNativeAppTests */,
				83CBBA001A601CBA00E9B192 /* Products */,
				2D16E6871FA4F8E400B85C8A /* Frameworks */,
				30CD01251C68E99D3B67802E /* Pods */,
				1F1CC72E5346451DA58A4D0D /* Resources */,
				6A637B2023BCBA0900A9C4BD /* ReactNativeApp-Bridging-Header.h */,
			);
			indentWidth = 2;
			sourceTree = "<group>";
			tabWidth = 2;
			usesTabs = 0;
		};
		83CBBA001A601CBA00E9B192 /* Products */ = {
			isa = PBXGroup;
			children = (
				13B07F961A680F5B00A75B9A /* ReactNativeApp.app */,
				00E356EE1AD99517003FC87E /* ReactNativeAppTests.xctest */,
				2D02E47B1E0B4A5D006451C7 /* ReactNativeApp-tvOS.app */,
				2D02E4901E0B4A5D006451C7 /* ReactNativeApp-tvOSTests.xctest */,
			);
			name = Products;
			sourceTree = "<group>";
		};
/* End PBXGroup section */

/* Begin PBXNativeTarget section */
		00E356ED1AD99517003FC87E /* ReactNativeAppTests */ = {
			isa = PBXNativeTarget;
			buildConfigurationList = 00E357021AD99517003FC87E /* Build configuration list for PBXNativeTarget "ReactNativeAppTests" */;
			buildPhases = (
				9AA491AD3DC95FA15E4C6CEF /* [CP] Check Pods Manifest.lock */,
				00E356EA1AD99517003FC87E /* Sources */,
				00E356EB1AD99517003FC87E /* Frameworks */,
				00E356EC1AD99517003FC87E /* Resources */,
			);
			buildRules = (
			);
			dependencies = (
				00E356F51AD99517003FC87E /* PBXTargetDependency */,
			);
			name = ReactNativeAppTests;
			productName = ReactNativeAppTests;
			productReference = 00E356EE1AD99517003FC87E /* ReactNativeAppTests.xctest */;
			productType = "com.apple.product-type.bundle.unit-test";
		};
		13B07F861A680F5B00A75B9A /* ReactNativeApp */ = {
			isa = PBXNativeTarget;
			buildConfigurationList = 13B07F931A680F5B00A75B9A /* Build configuration list for PBXNativeTarget "ReactNativeApp" */;
			buildPhases = (
				F6E7FC9DB2856203207C8AAB /* [CP] Check Pods Manifest.lock */,
				FD10A7F022414F080027D42C /* Start Packager */,
				13B07F871A680F5B00A75B9A /* Sources */,
				13B07F8C1A680F5B00A75B9A /* Frameworks */,
				13B07F8E1A680F5B00A75B9A /* Resources */,
				00DD1BFF1BD5951E006B06BC /* Bundle React Native code and images */,
				F109B33F813FE0E207AD549B /* [CP] Copy Pods Resources */,
			);
			buildRules = (
			);
			dependencies = (
			);
			name = ReactNativeApp;
			productName = ReactNativeApp;
			productReference = 13B07F961A680F5B00A75B9A /* ReactNativeApp.app */;
			productType = "com.apple.product-type.application";
		};
		2D02E47A1E0B4A5D006451C7 /* ReactNativeApp-tvOS */ = {
			isa = PBXNativeTarget;
			buildConfigurationList = 2D02E4BA1E0B4A5E006451C7 /* Build configuration list for PBXNativeTarget "ReactNativeApp-tvOS" */;
			buildPhases = (
				57AEB1DFF382644ED56B4ABB /* [CP] Check Pods Manifest.lock */,
				FD10A7F122414F3F0027D42C /* Start Packager */,
				2D02E4771E0B4A5D006451C7 /* Sources */,
				2D02E4781E0B4A5D006451C7 /* Frameworks */,
				2D02E4791E0B4A5D006451C7 /* Resources */,
				2D02E4CB1E0B4B27006451C7 /* Bundle React Native Code And Images */,
			);
			buildRules = (
			);
			dependencies = (
			);
			name = "ReactNativeApp-tvOS";
			productName = "ReactNativeApp-tvOS";
			productReference = 2D02E47B1E0B4A5D006451C7 /* ReactNativeApp-tvOS.app */;
			productType = "com.apple.product-type.application";
		};
		2D02E48F1E0B4A5D006451C7 /* ReactNativeApp-tvOSTests */ = {
			isa = PBXNativeTarget;
			buildConfigurationList = 2D02E4BB1E0B4A5E006451C7 /* Build configuration list for PBXNativeTarget "ReactNativeApp-tvOSTests" */;
			buildPhases = (
				FAE89C5F5013BB6C09DEFFD6 /* [CP] Check Pods Manifest.lock */,
				2D02E48C1E0B4A5D006451C7 /* Sources */,
				2D02E48D1E0B4A5D006451C7 /* Frameworks */,
				2D02E48E1E0B4A5D006451C7 /* Resources */,
			);
			buildRules = (
			);
			dependencies = (
				2D02E4921E0B4A5D006451C7 /* PBXTargetDependency */,
			);
			name = "ReactNativeApp-tvOSTests";
			productName = "ReactNativeApp-tvOSTests";
			productReference = 2D02E4901E0B4A5D006451C7 /* ReactNativeApp-tvOSTests.xctest */;
			productType = "com.apple.product-type.bundle.unit-test";
		};
/* End PBXNativeTarget section */

/* Begin PBXProject section */
		83CBB9F71A601CBA00E9B192 /* Project object */ = {
			isa = PBXProject;
			attributes = {
				LastUpgradeCheck = 940;
				ORGANIZATIONNAME = Facebook;
				TargetAttributes = {
					00E356ED1AD99517003FC87E = {
						CreatedOnToolsVersion = 6.2;
						TestTargetID = 13B07F861A680F5B00A75B9A;
					};
					13B07F861A680F5B00A75B9A = {
						LastSwiftMigration = 1020;
					};
					2D02E47A1E0B4A5D006451C7 = {
						CreatedOnToolsVersion = 8.2.1;
						ProvisioningStyle = Automatic;
					};
					2D02E48F1E0B4A5D006451C7 = {
						CreatedOnToolsVersion = 8.2.1;
						ProvisioningStyle = Automatic;
						TestTargetID = 2D02E47A1E0B4A5D006451C7;
					};
				};
			};
			buildConfigurationList = 83CBB9FA1A601CBA00E9B192 /* Build configuration list for PBXProject "ReactNativeApp" */;
			compatibilityVersion = "Xcode 3.2";
			developmentRegion = English;
			hasScannedForEncodings = 0;
			knownRegions = (
				English,
				en,
				Base,
			);
			mainGroup = 83CBB9F61A601CBA00E9B192;
			productRefGroup = 83CBBA001A601CBA00E9B192 /* Products */;
			projectDirPath = "";
			projectRoot = "";
			targets = (
				13B07F861A680F5B00A75B9A /* ReactNativeApp */,
				00E356ED1AD99517003FC87E /* ReactNativeAppTests */,
				2D02E47A1E0B4A5D006451C7 /* ReactNativeApp-tvOS */,
				2D02E48F1E0B4A5D006451C7 /* ReactNativeApp-tvOSTests */,
			);
		};
/* End PBXProject section */

/* Begin PBXResourcesBuildPhase section */
		00E356EC1AD99517003FC87E /* Resources */ = {
			isa = PBXResourcesBuildPhase;
			buildActionMask = 2147483647;
			files = (
			);
			runOnlyForDeploymentPostprocessing = 0;
		};
		13B07F8E1A680F5B00A75B9A /* Resources */ = {
			isa = PBXResourcesBuildPhase;
			buildActionMask = 2147483647;
			files = (
				13B07FBF1A68108700A75B9A /* Images.xcassets in Resources */,
				13B07FBD1A68108700A75B9A /* LaunchScreen.xib in Resources */,
				58A5D98B8DA04630ADBB7FDB /* Montserrat-Black.otf in Resources */,
				CE4FFF481FFC4371B3F697C1 /* Montserrat-BlackItalic.otf in Resources */,
				B3856C916F8246998435845F /* Montserrat-Bold.otf in Resources */,
				57C794CFC3754F62965D6312 /* Montserrat-BoldItalic.otf in Resources */,
				658E614778934F3CAAE16EE7 /* Montserrat-ExtraBold.otf in Resources */,
				E5B4F5A6654545B1AE791252 /* Montserrat-ExtraBoldItalic.otf in Resources */,
				033E1F3444DF4B73A644E641 /* Montserrat-ExtraLight.otf in Resources */,
				CD284195DA864CEB85EC1AAE /* Montserrat-ExtraLightItalic.otf in Resources */,
				02880BC7B697435CB3BD1C29 /* Montserrat-Italic.otf in Resources */,
				393CACFDCFC84EF6B3F13E01 /* Montserrat-Light.otf in Resources */,
				2C9A77CB7EF246CBA2A1E78A /* Montserrat-LightItalic.otf in Resources */,
				8652A185085B4C37BFF98434 /* Montserrat-Medium.otf in Resources */,
				2A2B6139D7014CCDBDC957AF /* Montserrat-MediumItalic.otf in Resources */,
				99BA5AF5BCD54BA7A5A2BD2F /* Montserrat-Regular.otf in Resources */,
				1CD800445F414D4DA6F32FB6 /* Montserrat-SemiBold.otf in Resources */,
				073F6B4BF31144EDB9A7B6B7 /* Montserrat-SemiBoldItalic.otf in Resources */,
				7D732E5D99E64994B25922FC /* Montserrat-Thin.otf in Resources */,
				8A4FCBA235C5444CA061177B /* Montserrat-ThinItalic.otf in Resources */,
				1D3408C7957640BAB560B7C6 /* OpenSans-Bold.ttf in Resources */,
				A9917CC262CB4725B3CBD0FE /* OpenSans-BoldItalic.ttf in Resources */,
				8F5D78DAB4584AB5863799B1 /* OpenSans-ExtraBold.ttf in Resources */,
				E6A138BACE1A41739CB234DD /* OpenSans-ExtraBoldItalic.ttf in Resources */,
				6F67F06DF0BC4BB8B9A0E930 /* OpenSans-Italic.ttf in Resources */,
				72C0F57337724FBAAE772CB7 /* OpenSans-Light.ttf in Resources */,
				6FDA7C6AB71F426B8DD4EFE5 /* OpenSans-LightItalic.ttf in Resources */,
				457937550E73443BBD7C6E86 /* OpenSans-Regular.ttf in Resources */,
				F247F922C4FC4D61A8688C71 /* OpenSans-Semibold.ttf in Resources */,
				7D44D756E5B14E969905B2DF /* OpenSans-SemiboldItalic.ttf in Resources */,
				419503CAAA8A4670BA8148BF /* ProximaNova-Black.ttf in Resources */,
				0339130C43F44066A7CC28F8 /* ProximaNova-Bold.ttf in Resources */,
				604B0BA9F7904D4686FA2165 /* ProximaNova-Extrabld.ttf in Resources */,
				785153F0516A42B894751B74 /* ProximaNova-Light.ttf in Resources */,
				A28A8507244F4BE39873620B /* ProximaNova-Regular.ttf in Resources */,
				029EADBEEC95436F833AC519 /* ProximaNova-Semibold.ttf in Resources */,
				42D7AEE6D0B44DE6BEA8B8EE /* ProximaNova-Thin.ttf in Resources */,
				73BEB4949D6D40BBB71F5C80 /* AntDesign.ttf in Resources */,
				C371EB27D9344F0D95174718 /* Entypo.ttf in Resources */,
				C33D3306E43F4DA8A5994D36 /* EvilIcons.ttf in Resources */,
				CC2F3B3B19A743F896079F33 /* Feather.ttf in Resources */,
				2DD99C16B23244139454C8B9 /* FontAwesome.ttf in Resources */,
				6AD071F564F2479CBBE6B0E6 /* FontAwesome5_Brands.ttf in Resources */,
				760E4932BA694B57AEC4FCAA /* FontAwesome5_Regular.ttf in Resources */,
				15EF6D1EBC66476DAF26E0F0 /* FontAwesome5_Solid.ttf in Resources */,
				85CE0BFDC27748FB8E3CDD6C /* Fontisto.ttf in Resources */,
				853721B041C24204A9871E82 /* Foundation.ttf in Resources */,
				1ED8B67D9DBB48209AE4682D /* Ionicons.ttf in Resources */,
				27AB5E0E66BC44EAAC2A09ED /* MaterialCommunityIcons.ttf in Resources */,
				356D63B300064E6B938760D0 /* MaterialIcons.ttf in Resources */,
				BC48E908530740D7A05ED8E4 /* Octicons.ttf in Resources */,
				11BF1A1B08B342F2A41F9157 /* SimpleLineIcons.ttf in Resources */,
				F4515299616C434A917D0052 /* Zocial.ttf in Resources */,
			);
			runOnlyForDeploymentPostprocessing = 0;
		};
		2D02E4791E0B4A5D006451C7 /* Resources */ = {
			isa = PBXResourcesBuildPhase;
			buildActionMask = 2147483647;
			files = (
				2D02E4BD1E0B4A84006451C7 /* Images.xcassets in Resources */,
			);
			runOnlyForDeploymentPostprocessing = 0;
		};
		2D02E48E1E0B4A5D006451C7 /* Resources */ = {
			isa = PBXResourcesBuildPhase;
			buildActionMask = 2147483647;
			files = (
			);
			runOnlyForDeploymentPostprocessing = 0;
		};
/* End PBXResourcesBuildPhase section */

/* Begin PBXShellScriptBuildPhase section */
		00DD1BFF1BD5951E006B06BC /* Bundle React Native code and images */ = {
			isa = PBXShellScriptBuildPhase;
			buildActionMask = 2147483647;
			files = (
			);
			inputPaths = (
			);
			name = "Bundle React Native code and images";
			outputPaths = (
			);
			runOnlyForDeploymentPostprocessing = 0;
			shellPath = /bin/sh;
			shellScript = "export NODE_BINARY=node\n../node_modules/react-native/scripts/react-native-xcode.sh";
		};
		2D02E4CB1E0B4B27006451C7 /* Bundle React Native Code And Images */ = {
			isa = PBXShellScriptBuildPhase;
			buildActionMask = 2147483647;
			files = (
			);
			inputPaths = (
			);
			name = "Bundle React Native Code And Images";
			outputPaths = (
			);
			runOnlyForDeploymentPostprocessing = 0;
			shellPath = /bin/sh;
			shellScript = "export NODE_BINARY=node\n../node_modules/react-native/scripts/react-native-xcode.sh";
		};
		57AEB1DFF382644ED56B4ABB /* [CP] Check Pods Manifest.lock */ = {
			isa = PBXShellScriptBuildPhase;
			buildActionMask = 2147483647;
			files = (
			);
			inputFileListPaths = (
			);
			inputPaths = (
				"${PODS_PODFILE_DIR_PATH}/Podfile.lock",
				"${PODS_ROOT}/Manifest.lock",
			);
			name = "[CP] Check Pods Manifest.lock";
			outputFileListPaths = (
			);
			outputPaths = (
				"$(DERIVED_FILE_DIR)/Pods-ReactNativeApp-tvOS-checkManifestLockResult.txt",
			);
			runOnlyForDeploymentPostprocessing = 0;
			shellPath = /bin/sh;
			shellScript = "diff \"${PODS_PODFILE_DIR_PATH}/Podfile.lock\" \"${PODS_ROOT}/Manifest.lock\" > /dev/null\nif [ $? != 0 ] ; then\n    # print error to STDERR\n    echo \"error: The sandbox is not in sync with the Podfile.lock. Run 'pod install' or update your CocoaPods installation.\" >&2\n    exit 1\nfi\n# This output is used by Xcode 'outputs' to avoid re-running this script phase.\necho \"SUCCESS\" > \"${SCRIPT_OUTPUT_FILE_0}\"\n";
			showEnvVarsInLog = 0;
		};
		9AA491AD3DC95FA15E4C6CEF /* [CP] Check Pods Manifest.lock */ = {
			isa = PBXShellScriptBuildPhase;
			buildActionMask = 2147483647;
			files = (
			);
			inputFileListPaths = (
			);
			inputPaths = (
				"${PODS_PODFILE_DIR_PATH}/Podfile.lock",
				"${PODS_ROOT}/Manifest.lock",
			);
			name = "[CP] Check Pods Manifest.lock";
			outputFileListPaths = (
			);
			outputPaths = (
				"$(DERIVED_FILE_DIR)/Pods-ReactNativeAppTests-checkManifestLockResult.txt",
			);
			runOnlyForDeploymentPostprocessing = 0;
			shellPath = /bin/sh;
			shellScript = "diff \"${PODS_PODFILE_DIR_PATH}/Podfile.lock\" \"${PODS_ROOT}/Manifest.lock\" > /dev/null\nif [ $? != 0 ] ; then\n    # print error to STDERR\n    echo \"error: The sandbox is not in sync with the Podfile.lock. Run 'pod install' or update your CocoaPods installation.\" >&2\n    exit 1\nfi\n# This output is used by Xcode 'outputs' to avoid re-running this script phase.\necho \"SUCCESS\" > \"${SCRIPT_OUTPUT_FILE_0}\"\n";
			showEnvVarsInLog = 0;
		};
		F109B33F813FE0E207AD549B /* [CP] Copy Pods Resources */ = {
			isa = PBXShellScriptBuildPhase;
			buildActionMask = 2147483647;
			files = (
			);
			inputPaths = (
				"${PODS_ROOT}/Target Support Files/Pods-ReactNativeApp/Pods-ReactNativeApp-resources.sh",
				"${PODS_ROOT}/../../node_modules/react-native-vector-icons/Fonts/AntDesign.ttf",
				"${PODS_ROOT}/../../node_modules/react-native-vector-icons/Fonts/Entypo.ttf",
				"${PODS_ROOT}/../../node_modules/react-native-vector-icons/Fonts/EvilIcons.ttf",
				"${PODS_ROOT}/../../node_modules/react-native-vector-icons/Fonts/Feather.ttf",
				"${PODS_ROOT}/../../node_modules/react-native-vector-icons/Fonts/FontAwesome.ttf",
				"${PODS_ROOT}/../../node_modules/react-native-vector-icons/Fonts/FontAwesome5_Brands.ttf",
				"${PODS_ROOT}/../../node_modules/react-native-vector-icons/Fonts/FontAwesome5_Regular.ttf",
				"${PODS_ROOT}/../../node_modules/react-native-vector-icons/Fonts/FontAwesome5_Solid.ttf",
				"${PODS_ROOT}/../../node_modules/react-native-vector-icons/Fonts/Fontisto.ttf",
				"${PODS_ROOT}/../../node_modules/react-native-vector-icons/Fonts/Foundation.ttf",
				"${PODS_ROOT}/../../node_modules/react-native-vector-icons/Fonts/Ionicons.ttf",
				"${PODS_ROOT}/../../node_modules/react-native-vector-icons/Fonts/MaterialCommunityIcons.ttf",
				"${PODS_ROOT}/../../node_modules/react-native-vector-icons/Fonts/MaterialIcons.ttf",
				"${PODS_ROOT}/../../node_modules/react-native-vector-icons/Fonts/Octicons.ttf",
				"${PODS_ROOT}/../../node_modules/react-native-vector-icons/Fonts/SimpleLineIcons.ttf",
				"${PODS_ROOT}/../../node_modules/react-native-vector-icons/Fonts/Zocial.ttf",
			);
			name = "[CP] Copy Pods Resources";
			outputPaths = (
				"${TARGET_BUILD_DIR}/${UNLOCALIZED_RESOURCES_FOLDER_PATH}/AntDesign.ttf",
				"${TARGET_BUILD_DIR}/${UNLOCALIZED_RESOURCES_FOLDER_PATH}/Entypo.ttf",
				"${TARGET_BUILD_DIR}/${UNLOCALIZED_RESOURCES_FOLDER_PATH}/EvilIcons.ttf",
				"${TARGET_BUILD_DIR}/${UNLOCALIZED_RESOURCES_FOLDER_PATH}/Feather.ttf",
				"${TARGET_BUILD_DIR}/${UNLOCALIZED_RESOURCES_FOLDER_PATH}/FontAwesome.ttf",
				"${TARGET_BUILD_DIR}/${UNLOCALIZED_RESOURCES_FOLDER_PATH}/FontAwesome5_Brands.ttf",
				"${TARGET_BUILD_DIR}/${UNLOCALIZED_RESOURCES_FOLDER_PATH}/FontAwesome5_Regular.ttf",
				"${TARGET_BUILD_DIR}/${UNLOCALIZED_RESOURCES_FOLDER_PATH}/FontAwesome5_Solid.ttf",
				"${TARGET_BUILD_DIR}/${UNLOCALIZED_RESOURCES_FOLDER_PATH}/Fontisto.ttf",
				"${TARGET_BUILD_DIR}/${UNLOCALIZED_RESOURCES_FOLDER_PATH}/Foundation.ttf",
				"${TARGET_BUILD_DIR}/${UNLOCALIZED_RESOURCES_FOLDER_PATH}/Ionicons.ttf",
				"${TARGET_BUILD_DIR}/${UNLOCALIZED_RESOURCES_FOLDER_PATH}/MaterialCommunityIcons.ttf",
				"${TARGET_BUILD_DIR}/${UNLOCALIZED_RESOURCES_FOLDER_PATH}/MaterialIcons.ttf",
				"${TARGET_BUILD_DIR}/${UNLOCALIZED_RESOURCES_FOLDER_PATH}/Octicons.ttf",
				"${TARGET_BUILD_DIR}/${UNLOCALIZED_RESOURCES_FOLDER_PATH}/SimpleLineIcons.ttf",
				"${TARGET_BUILD_DIR}/${UNLOCALIZED_RESOURCES_FOLDER_PATH}/Zocial.ttf",
			);
			runOnlyForDeploymentPostprocessing = 0;
			shellPath = /bin/sh;
			shellScript = "\"${PODS_ROOT}/Target Support Files/Pods-ReactNativeApp/Pods-ReactNativeApp-resources.sh\"\n";
			showEnvVarsInLog = 0;
		};
		F6E7FC9DB2856203207C8AAB /* [CP] Check Pods Manifest.lock */ = {
			isa = PBXShellScriptBuildPhase;
			buildActionMask = 2147483647;
			files = (
			);
			inputFileListPaths = (
			);
			inputPaths = (
				"${PODS_PODFILE_DIR_PATH}/Podfile.lock",
				"${PODS_ROOT}/Manifest.lock",
			);
			name = "[CP] Check Pods Manifest.lock";
			outputFileListPaths = (
			);
			outputPaths = (
				"$(DERIVED_FILE_DIR)/Pods-ReactNativeApp-checkManifestLockResult.txt",
			);
			runOnlyForDeploymentPostprocessing = 0;
			shellPath = /bin/sh;
			shellScript = "diff \"${PODS_PODFILE_DIR_PATH}/Podfile.lock\" \"${PODS_ROOT}/Manifest.lock\" > /dev/null\nif [ $? != 0 ] ; then\n    # print error to STDERR\n    echo \"error: The sandbox is not in sync with the Podfile.lock. Run 'pod install' or update your CocoaPods installation.\" >&2\n    exit 1\nfi\n# This output is used by Xcode 'outputs' to avoid re-running this script phase.\necho \"SUCCESS\" > \"${SCRIPT_OUTPUT_FILE_0}\"\n";
			showEnvVarsInLog = 0;
		};
		FAE89C5F5013BB6C09DEFFD6 /* [CP] Check Pods Manifest.lock */ = {
			isa = PBXShellScriptBuildPhase;
			buildActionMask = 2147483647;
			files = (
			);
			inputFileListPaths = (
			);
			inputPaths = (
				"${PODS_PODFILE_DIR_PATH}/Podfile.lock",
				"${PODS_ROOT}/Manifest.lock",
			);
			name = "[CP] Check Pods Manifest.lock";
			outputFileListPaths = (
			);
			outputPaths = (
				"$(DERIVED_FILE_DIR)/Pods-ReactNativeApp-tvOSTests-checkManifestLockResult.txt",
			);
			runOnlyForDeploymentPostprocessing = 0;
			shellPath = /bin/sh;
			shellScript = "diff \"${PODS_PODFILE_DIR_PATH}/Podfile.lock\" \"${PODS_ROOT}/Manifest.lock\" > /dev/null\nif [ $? != 0 ] ; then\n    # print error to STDERR\n    echo \"error: The sandbox is not in sync with the Podfile.lock. Run 'pod install' or update your CocoaPods installation.\" >&2\n    exit 1\nfi\n# This output is used by Xcode 'outputs' to avoid re-running this script phase.\necho \"SUCCESS\" > \"${SCRIPT_OUTPUT_FILE_0}\"\n";
			showEnvVarsInLog = 0;
		};
		FD10A7F022414F080027D42C /* Start Packager */ = {
			isa = PBXShellScriptBuildPhase;
			buildActionMask = 2147483647;
			files = (
			);
			inputFileListPaths = (
			);
			inputPaths = (
			);
			name = "Start Packager";
			outputFileListPaths = (
			);
			outputPaths = (
			);
			runOnlyForDeploymentPostprocessing = 0;
			shellPath = /bin/sh;
			shellScript = "export RCT_METRO_PORT=\"${RCT_METRO_PORT:=8081}\"\necho \"export RCT_METRO_PORT=${RCT_METRO_PORT}\" > \"${SRCROOT}/../node_modules/react-native/scripts/.packager.env\"\nif [ -z \"${RCT_NO_LAUNCH_PACKAGER+xxx}\" ] ; then\n  if nc -w 5 -z localhost ${RCT_METRO_PORT} ; then\n    if ! curl -s \"http://localhost:${RCT_METRO_PORT}/status\" | grep -q \"packager-status:running\" ; then\n      echo \"Port ${RCT_METRO_PORT} already in use, packager is either not running or not running correctly\"\n      exit 2\n    fi\n  else\n    open \"$SRCROOT/../node_modules/react-native/scripts/launchPackager.command\" || echo \"Can't start packager automatically\"\n  fi\nfi\n";
			showEnvVarsInLog = 0;
		};
		FD10A7F122414F3F0027D42C /* Start Packager */ = {
			isa = PBXShellScriptBuildPhase;
			buildActionMask = 2147483647;
			files = (
			);
			inputFileListPaths = (
			);
			inputPaths = (
			);
			name = "Start Packager";
			outputFileListPaths = (
			);
			outputPaths = (
			);
			runOnlyForDeploymentPostprocessing = 0;
			shellPath = /bin/sh;
			shellScript = "export RCT_METRO_PORT=\"${RCT_METRO_PORT:=8081}\"\necho \"export RCT_METRO_PORT=${RCT_METRO_PORT}\" > \"${SRCROOT}/../node_modules/react-native/scripts/.packager.env\"\nif [ -z \"${RCT_NO_LAUNCH_PACKAGER+xxx}\" ] ; then\n  if nc -w 5 -z localhost ${RCT_METRO_PORT} ; then\n    if ! curl -s \"http://localhost:${RCT_METRO_PORT}/status\" | grep -q \"packager-status:running\" ; then\n      echo \"Port ${RCT_METRO_PORT} already in use, packager is either not running or not running correctly\"\n      exit 2\n    fi\n  else\n    open \"$SRCROOT/../node_modules/react-native/scripts/launchPackager.command\" || echo \"Can't start packager automatically\"\n  fi\nfi\n";
			showEnvVarsInLog = 0;
		};
/* End PBXShellScriptBuildPhase section */

/* Begin PBXSourcesBuildPhase section */
		00E356EA1AD99517003FC87E /* Sources */ = {
			isa = PBXSourcesBuildPhase;
			buildActionMask = 2147483647;
			files = (
				00E356F31AD99517003FC87E /* ReactNativeAppTests.m in Sources */,
			);
			runOnlyForDeploymentPostprocessing = 0;
		};
		13B07F871A680F5B00A75B9A /* Sources */ = {
			isa = PBXSourcesBuildPhase;
			buildActionMask = 2147483647;
			files = (
				13B07FBC1A68108700A75B9A /* AppDelegate.m in Sources */,
				13B07FC11A68108700A75B9A /* main.m in Sources */,
				6A637B2223BCBA0A00A9C4BD /* SwiftBridgeHeader.swift in Sources */,
			);
			runOnlyForDeploymentPostprocessing = 0;
		};
		2D02E4771E0B4A5D006451C7 /* Sources */ = {
			isa = PBXSourcesBuildPhase;
			buildActionMask = 2147483647;
			files = (
				2D02E4BF1E0B4AB3006451C7 /* main.m in Sources */,
				2D02E4BC1E0B4A80006451C7 /* AppDelegate.m in Sources */,
			);
			runOnlyForDeploymentPostprocessing = 0;
		};
		2D02E48C1E0B4A5D006451C7 /* Sources */ = {
			isa = PBXSourcesBuildPhase;
			buildActionMask = 2147483647;
			files = (
				2DCD954D1E0B4F2C00145EB5 /* ReactNativeAppTests.m in Sources */,
			);
			runOnlyForDeploymentPostprocessing = 0;
		};
/* End PBXSourcesBuildPhase section */

/* Begin PBXTargetDependency section */
		00E356F51AD99517003FC87E /* PBXTargetDependency */ = {
			isa = PBXTargetDependency;
			target = 13B07F861A680F5B00A75B9A /* ReactNativeApp */;
			targetProxy = 00E356F41AD99517003FC87E /* PBXContainerItemProxy */;
		};
		2D02E4921E0B4A5D006451C7 /* PBXTargetDependency */ = {
			isa = PBXTargetDependency;
			target = 2D02E47A1E0B4A5D006451C7 /* ReactNativeApp-tvOS */;
			targetProxy = 2D02E4911E0B4A5D006451C7 /* PBXContainerItemProxy */;
		};
/* End PBXTargetDependency section */

/* Begin PBXVariantGroup section */
		13B07FB11A68108700A75B9A /* LaunchScreen.xib */ = {
			isa = PBXVariantGroup;
			children = (
				13B07FB21A68108700A75B9A /* Base */,
			);
			name = LaunchScreen.xib;
			path = ReactNativeApp;
			sourceTree = "<group>";
		};
/* End PBXVariantGroup section */

/* Begin XCBuildConfiguration section */
		00E356F61AD99517003FC87E /* Debug */ = {
			isa = XCBuildConfiguration;
			baseConfigurationReference = 79E172F106DF77DF25588818 /* Pods-ReactNativeAppTests.debug.xcconfig */;
			buildSettings = {
				ALWAYS_EMBED_SWIFT_STANDARD_LIBRARIES = YES;
				BUNDLE_LOADER = "$(TEST_HOST)";
				GCC_PREPROCESSOR_DEFINITIONS = (
					"DEBUG=1",
					"$(inherited)",
				);
				INFOPLIST_FILE = ReactNativeAppTests/Info.plist;
				IPHONEOS_DEPLOYMENT_TARGET = 9.0;
				LD_RUNPATH_SEARCH_PATHS = "$(inherited) @executable_path/Frameworks @loader_path/Frameworks";
				OTHER_LDFLAGS = (
					"-ObjC",
					"-lc++",
					"$(inherited)",
				);
				PRODUCT_BUNDLE_IDENTIFIER = "org.reactjs.native.example.$(PRODUCT_NAME:rfc1034identifier)";
				PRODUCT_NAME = "$(TARGET_NAME)";
				TEST_HOST = "$(BUILT_PRODUCTS_DIR)/ReactNativeApp.app/ReactNativeApp";
			};
			name = Debug;
		};
		00E356F71AD99517003FC87E /* Release */ = {
			isa = XCBuildConfiguration;
			baseConfigurationReference = 76E73992803C6D0A2554A76E /* Pods-ReactNativeAppTests.release.xcconfig */;
			buildSettings = {
				ALWAYS_EMBED_SWIFT_STANDARD_LIBRARIES = YES;
				BUNDLE_LOADER = "$(TEST_HOST)";
				COPY_PHASE_STRIP = NO;
				INFOPLIST_FILE = ReactNativeAppTests/Info.plist;
				IPHONEOS_DEPLOYMENT_TARGET = 9.0;
				LD_RUNPATH_SEARCH_PATHS = "$(inherited) @executable_path/Frameworks @loader_path/Frameworks";
				OTHER_LDFLAGS = (
					"-ObjC",
					"-lc++",
					"$(inherited)",
				);
				PRODUCT_BUNDLE_IDENTIFIER = "org.reactjs.native.example.$(PRODUCT_NAME:rfc1034identifier)";
				PRODUCT_NAME = "$(TARGET_NAME)";
				TEST_HOST = "$(BUILT_PRODUCTS_DIR)/ReactNativeApp.app/ReactNativeApp";
			};
			name = Release;
		};
		13B07F941A680F5B00A75B9A /* Debug */ = {
			isa = XCBuildConfiguration;
			baseConfigurationReference = 3F0824EFB66870B5BC59CF9D /* Pods-ReactNativeApp.debug.xcconfig */;
			buildSettings = {
				ALWAYS_EMBED_SWIFT_STANDARD_LIBRARIES = YES;
				ASSETCATALOG_COMPILER_APPICON_NAME = AppIcon;
				CLANG_ENABLE_MODULES = YES;
				CURRENT_PROJECT_VERSION = 1;
				DEAD_CODE_STRIPPING = NO;
				INFOPLIST_FILE = ReactNativeApp/Info.plist;
				LD_RUNPATH_SEARCH_PATHS = "$(inherited) @executable_path/Frameworks";
				OTHER_LDFLAGS = (
					"$(inherited)",
					"-ObjC",
					"-lc++",
				);
				PRODUCT_BUNDLE_IDENTIFIER = "org.reactjs.native.example.$(PRODUCT_NAME:rfc1034identifier)";
				PRODUCT_NAME = ReactNativeApp;
				SWIFT_OBJC_BRIDGING_HEADER = "ReactNativeApp-Bridging-Header.h";
				SWIFT_OPTIMIZATION_LEVEL = "-Onone";
				SWIFT_VERSION = 5.0;
				VERSIONING_SYSTEM = "apple-generic";
			};
			name = Debug;
		};
		13B07F951A680F5B00A75B9A /* Release */ = {
			isa = XCBuildConfiguration;
			baseConfigurationReference = 6613BA65EC52F29FB67674FA /* Pods-ReactNativeApp.release.xcconfig */;
			buildSettings = {
				ALWAYS_EMBED_SWIFT_STANDARD_LIBRARIES = YES;
				ASSETCATALOG_COMPILER_APPICON_NAME = AppIcon;
				CLANG_ENABLE_MODULES = YES;
				CURRENT_PROJECT_VERSION = 1;
				INFOPLIST_FILE = ReactNativeApp/Info.plist;
				LD_RUNPATH_SEARCH_PATHS = "$(inherited) @executable_path/Frameworks";
				OTHER_LDFLAGS = (
					"$(inherited)",
					"-ObjC",
					"-lc++",
				);
				PRODUCT_BUNDLE_IDENTIFIER = "org.reactjs.native.example.$(PRODUCT_NAME:rfc1034identifier)";
				PRODUCT_NAME = ReactNativeApp;
				SWIFT_OBJC_BRIDGING_HEADER = "ReactNativeApp-Bridging-Header.h";
				SWIFT_VERSION = 5.0;
				VERSIONING_SYSTEM = "apple-generic";
			};
			name = Release;
		};
		2D02E4971E0B4A5E006451C7 /* Debug */ = {
			isa = XCBuildConfiguration;
			baseConfigurationReference = 125131DC811E75C649BE254A /* Pods-ReactNativeApp-tvOS.debug.xcconfig */;
			buildSettings = {
				ASSETCATALOG_COMPILER_APPICON_NAME = "App Icon & Top Shelf Image";
				ASSETCATALOG_COMPILER_LAUNCHIMAGE_NAME = LaunchImage;
				CLANG_ANALYZER_NONNULL = YES;
				CLANG_WARN_DOCUMENTATION_COMMENTS = YES;
				CLANG_WARN_INFINITE_RECURSION = YES;
				CLANG_WARN_SUSPICIOUS_MOVE = YES;
				DEBUG_INFORMATION_FORMAT = dwarf;
				ENABLE_TESTABILITY = YES;
				GCC_NO_COMMON_BLOCKS = YES;
				INFOPLIST_FILE = "ReactNativeApp-tvOS/Info.plist";
				LD_RUNPATH_SEARCH_PATHS = "$(inherited) @executable_path/Frameworks";
				OTHER_LDFLAGS = (
					"$(inherited)",
					"-ObjC",
					"-lc++",
				);
				PRODUCT_BUNDLE_IDENTIFIER = "com.facebook.REACT.ReactNativeApp-tvOS";
				PRODUCT_NAME = "$(TARGET_NAME)";
				SDKROOT = appletvos;
				TARGETED_DEVICE_FAMILY = 3;
				TVOS_DEPLOYMENT_TARGET = 9.2;
			};
			name = Debug;
		};
		2D02E4981E0B4A5E006451C7 /* Release */ = {
			isa = XCBuildConfiguration;
			baseConfigurationReference = 85962E5E6FD30E87089204DD /* Pods-ReactNativeApp-tvOS.release.xcconfig */;
			buildSettings = {
				ASSETCATALOG_COMPILER_APPICON_NAME = "App Icon & Top Shelf Image";
				ASSETCATALOG_COMPILER_LAUNCHIMAGE_NAME = LaunchImage;
				CLANG_ANALYZER_NONNULL = YES;
				CLANG_WARN_DOCUMENTATION_COMMENTS = YES;
				CLANG_WARN_INFINITE_RECURSION = YES;
				CLANG_WARN_SUSPICIOUS_MOVE = YES;
				COPY_PHASE_STRIP = NO;
				DEBUG_INFORMATION_FORMAT = "dwarf-with-dsym";
				GCC_NO_COMMON_BLOCKS = YES;
				INFOPLIST_FILE = "ReactNativeApp-tvOS/Info.plist";
				LD_RUNPATH_SEARCH_PATHS = "$(inherited) @executable_path/Frameworks";
				OTHER_LDFLAGS = (
					"$(inherited)",
					"-ObjC",
					"-lc++",
				);
				PRODUCT_BUNDLE_IDENTIFIER = "com.facebook.REACT.ReactNativeApp-tvOS";
				PRODUCT_NAME = "$(TARGET_NAME)";
				SDKROOT = appletvos;
				TARGETED_DEVICE_FAMILY = 3;
				TVOS_DEPLOYMENT_TARGET = 9.2;
			};
			name = Release;
		};
		2D02E4991E0B4A5E006451C7 /* Debug */ = {
			isa = XCBuildConfiguration;
			baseConfigurationReference = 3EF704D3ACC2793A27969977 /* Pods-ReactNativeApp-tvOSTests.debug.xcconfig */;
			buildSettings = {
				BUNDLE_LOADER = "$(TEST_HOST)";
				CLANG_ANALYZER_NONNULL = YES;
				CLANG_WARN_DOCUMENTATION_COMMENTS = YES;
				CLANG_WARN_INFINITE_RECURSION = YES;
				CLANG_WARN_SUSPICIOUS_MOVE = YES;
				DEBUG_INFORMATION_FORMAT = dwarf;
				ENABLE_TESTABILITY = YES;
				GCC_NO_COMMON_BLOCKS = YES;
				INFOPLIST_FILE = "ReactNativeApp-tvOSTests/Info.plist";
				LD_RUNPATH_SEARCH_PATHS = "$(inherited) @executable_path/Frameworks @loader_path/Frameworks";
				OTHER_LDFLAGS = (
					"$(inherited)",
					"-ObjC",
					"-lc++",
				);
				PRODUCT_BUNDLE_IDENTIFIER = "com.facebook.REACT.ReactNativeApp-tvOSTests";
				PRODUCT_NAME = "$(TARGET_NAME)";
				SDKROOT = appletvos;
				TEST_HOST = "$(BUILT_PRODUCTS_DIR)/ReactNativeApp-tvOS.app/ReactNativeApp-tvOS";
				TVOS_DEPLOYMENT_TARGET = 10.1;
			};
			name = Debug;
		};
		2D02E49A1E0B4A5E006451C7 /* Release */ = {
			isa = XCBuildConfiguration;
			baseConfigurationReference = 0D1B3D71EDEBCE404B3178F3 /* Pods-ReactNativeApp-tvOSTests.release.xcconfig */;
			buildSettings = {
				BUNDLE_LOADER = "$(TEST_HOST)";
				CLANG_ANALYZER_NONNULL = YES;
				CLANG_WARN_DOCUMENTATION_COMMENTS = YES;
				CLANG_WARN_INFINITE_RECURSION = YES;
				CLANG_WARN_SUSPICIOUS_MOVE = YES;
				COPY_PHASE_STRIP = NO;
				DEBUG_INFORMATION_FORMAT = "dwarf-with-dsym";
				GCC_NO_COMMON_BLOCKS = YES;
				INFOPLIST_FILE = "ReactNativeApp-tvOSTests/Info.plist";
				LD_RUNPATH_SEARCH_PATHS = "$(inherited) @executable_path/Frameworks @loader_path/Frameworks";
				OTHER_LDFLAGS = (
					"$(inherited)",
					"-ObjC",
					"-lc++",
				);
				PRODUCT_BUNDLE_IDENTIFIER = "com.facebook.REACT.ReactNativeApp-tvOSTests";
				PRODUCT_NAME = "$(TARGET_NAME)";
				SDKROOT = appletvos;
				TEST_HOST = "$(BUILT_PRODUCTS_DIR)/ReactNativeApp-tvOS.app/ReactNativeApp-tvOS";
				TVOS_DEPLOYMENT_TARGET = 10.1;
			};
			name = Release;
		};
		83CBBA201A601CBA00E9B192 /* Debug */ = {
			isa = XCBuildConfiguration;
			buildSettings = {
				ALWAYS_SEARCH_USER_PATHS = NO;
				CLANG_CXX_LANGUAGE_STANDARD = "gnu++0x";
				CLANG_CXX_LIBRARY = "libc++";
				CLANG_ENABLE_MODULES = YES;
				CLANG_ENABLE_OBJC_ARC = YES;
				CLANG_WARN_BLOCK_CAPTURE_AUTORELEASING = YES;
				CLANG_WARN_BOOL_CONVERSION = YES;
				CLANG_WARN_COMMA = YES;
				CLANG_WARN_CONSTANT_CONVERSION = YES;
				CLANG_WARN_DEPRECATED_OBJC_IMPLEMENTATIONS = YES;
				CLANG_WARN_DIRECT_OBJC_ISA_USAGE = YES_ERROR;
				CLANG_WARN_EMPTY_BODY = YES;
				CLANG_WARN_ENUM_CONVERSION = YES;
				CLANG_WARN_INFINITE_RECURSION = YES;
				CLANG_WARN_INT_CONVERSION = YES;
				CLANG_WARN_NON_LITERAL_NULL_CONVERSION = YES;
				CLANG_WARN_OBJC_IMPLICIT_RETAIN_SELF = YES;
				CLANG_WARN_OBJC_LITERAL_CONVERSION = YES;
				CLANG_WARN_OBJC_ROOT_CLASS = YES_ERROR;
				CLANG_WARN_RANGE_LOOP_ANALYSIS = YES;
				CLANG_WARN_STRICT_PROTOTYPES = YES;
				CLANG_WARN_SUSPICIOUS_MOVE = YES;
				CLANG_WARN_UNREACHABLE_CODE = YES;
				CLANG_WARN__DUPLICATE_METHOD_MATCH = YES;
				"CODE_SIGN_IDENTITY[sdk=iphoneos*]" = "iPhone Developer";
				COPY_PHASE_STRIP = NO;
				ENABLE_STRICT_OBJC_MSGSEND = YES;
				ENABLE_TESTABILITY = YES;
				GCC_C_LANGUAGE_STANDARD = gnu99;
				GCC_DYNAMIC_NO_PIC = NO;
				GCC_NO_COMMON_BLOCKS = YES;
				GCC_OPTIMIZATION_LEVEL = 0;
				GCC_PREPROCESSOR_DEFINITIONS = (
					"DEBUG=1",
					"$(inherited)",
				);
				GCC_SYMBOLS_PRIVATE_EXTERN = NO;
				GCC_WARN_64_TO_32_BIT_CONVERSION = YES;
				GCC_WARN_ABOUT_RETURN_TYPE = YES_ERROR;
				GCC_WARN_UNDECLARED_SELECTOR = YES;
				GCC_WARN_UNINITIALIZED_AUTOS = YES_AGGRESSIVE;
				GCC_WARN_UNUSED_FUNCTION = YES;
				GCC_WARN_UNUSED_VARIABLE = YES;
				IPHONEOS_DEPLOYMENT_TARGET = 9.0;
				MTL_ENABLE_DEBUG_INFO = YES;
				ONLY_ACTIVE_ARCH = YES;
				SDKROOT = iphoneos;
			};
			name = Debug;
		};
		83CBBA211A601CBA00E9B192 /* Release */ = {
			isa = XCBuildConfiguration;
			buildSettings = {
				ALWAYS_SEARCH_USER_PATHS = NO;
				CLANG_CXX_LANGUAGE_STANDARD = "gnu++0x";
				CLANG_CXX_LIBRARY = "libc++";
				CLANG_ENABLE_MODULES = YES;
				CLANG_ENABLE_OBJC_ARC = YES;
				CLANG_WARN_BLOCK_CAPTURE_AUTORELEASING = YES;
				CLANG_WARN_BOOL_CONVERSION = YES;
				CLANG_WARN_COMMA = YES;
				CLANG_WARN_CONSTANT_CONVERSION = YES;
				CLANG_WARN_DEPRECATED_OBJC_IMPLEMENTATIONS = YES;
				CLANG_WARN_DIRECT_OBJC_ISA_USAGE = YES_ERROR;
				CLANG_WARN_EMPTY_BODY = YES;
				CLANG_WARN_ENUM_CONVERSION = YES;
				CLANG_WARN_INFINITE_RECURSION = YES;
				CLANG_WARN_INT_CONVERSION = YES;
				CLANG_WARN_NON_LITERAL_NULL_CONVERSION = YES;
				CLANG_WARN_OBJC_IMPLICIT_RETAIN_SELF = YES;
				CLANG_WARN_OBJC_LITERAL_CONVERSION = YES;
				CLANG_WARN_OBJC_ROOT_CLASS = YES_ERROR;
				CLANG_WARN_RANGE_LOOP_ANALYSIS = YES;
				CLANG_WARN_STRICT_PROTOTYPES = YES;
				CLANG_WARN_SUSPICIOUS_MOVE = YES;
				CLANG_WARN_UNREACHABLE_CODE = YES;
				CLANG_WARN__DUPLICATE_METHOD_MATCH = YES;
				"CODE_SIGN_IDENTITY[sdk=iphoneos*]" = "iPhone Developer";
				COPY_PHASE_STRIP = YES;
				ENABLE_NS_ASSERTIONS = NO;
				ENABLE_STRICT_OBJC_MSGSEND = YES;
				GCC_C_LANGUAGE_STANDARD = gnu99;
				GCC_NO_COMMON_BLOCKS = YES;
				GCC_WARN_64_TO_32_BIT_CONVERSION = YES;
				GCC_WARN_ABOUT_RETURN_TYPE = YES_ERROR;
				GCC_WARN_UNDECLARED_SELECTOR = YES;
				GCC_WARN_UNINITIALIZED_AUTOS = YES_AGGRESSIVE;
				GCC_WARN_UNUSED_FUNCTION = YES;
				GCC_WARN_UNUSED_VARIABLE = YES;
				IPHONEOS_DEPLOYMENT_TARGET = 9.0;
				MTL_ENABLE_DEBUG_INFO = NO;
				SDKROOT = iphoneos;
				VALIDATE_PRODUCT = YES;
			};
			name = Release;
		};
/* End XCBuildConfiguration section */

/* Begin XCConfigurationList section */
		00E357021AD99517003FC87E /* Build configuration list for PBXNativeTarget "ReactNativeAppTests" */ = {
			isa = XCConfigurationList;
			buildConfigurations = (
				00E356F61AD99517003FC87E /* Debug */,
				00E356F71AD99517003FC87E /* Release */,
			);
			defaultConfigurationIsVisible = 0;
			defaultConfigurationName = Release;
		};
		13B07F931A680F5B00A75B9A /* Build configuration list for PBXNativeTarget "ReactNativeApp" */ = {
			isa = XCConfigurationList;
			buildConfigurations = (
				13B07F941A680F5B00A75B9A /* Debug */,
				13B07F951A680F5B00A75B9A /* Release */,
			);
			defaultConfigurationIsVisible = 0;
			defaultConfigurationName = Release;
		};
		2D02E4BA1E0B4A5E006451C7 /* Build configuration list for PBXNativeTarget "ReactNativeApp-tvOS" */ = {
			isa = XCConfigurationList;
			buildConfigurations = (
				2D02E4971E0B4A5E006451C7 /* Debug */,
				2D02E4981E0B4A5E006451C7 /* Release */,
			);
			defaultConfigurationIsVisible = 0;
			defaultConfigurationName = Release;
		};
		2D02E4BB1E0B4A5E006451C7 /* Build configuration list for PBXNativeTarget "ReactNativeApp-tvOSTests" */ = {
			isa = XCConfigurationList;
			buildConfigurations = (
				2D02E4991E0B4A5E006451C7 /* Debug */,
				2D02E49A1E0B4A5E006451C7 /* Release */,
			);
			defaultConfigurationIsVisible = 0;
			defaultConfigurationName = Release;
		};
		83CBB9FA1A601CBA00E9B192 /* Build configuration list for PBXProject "ReactNativeApp" */ = {
			isa = XCConfigurationList;
			buildConfigurations = (
				83CBBA201A601CBA00E9B192 /* Debug */,
				83CBBA211A601CBA00E9B192 /* Release */,
			);
			defaultConfigurationIsVisible = 0;
			defaultConfigurationName = Release;
		};
/* End XCConfigurationList section */
	};
	rootObject = 83CBB9F71A601CBA00E9B192 /* Project object */;
}
